// !$*UTF8*$!
{
	archiveVersion = 1;
	classes = {
	};
	objectVersion = 77;
	objects = {

/* Begin PBXBuildFile section */
		13B07FBF1A68108700A75B9A /* Images.xcassets in Resources */ = {isa = PBXBuildFile; fileRef = 13B07FB51A68108700A75B9A /* Images.xcassets */; };
		23896F5CDC497A355CF80053 /* libPods-SharedPods-pomoAI.a in Frameworks */ = {isa = PBXBuildFile; fileRef = 459F19F2D597616C0E80BF27 /* libPods-SharedPods-pomoAI.a */; };
		3104A0B39FCCE4321238763E /* PrivacyInfo.xcprivacy in Resources */ = {isa = PBXBuildFile; fileRef = 13B07FB81A68108700A75B9A /* PrivacyInfo.xcprivacy */; };
		3A8470F1B632C947F449204B /* libPods-SharedPods-ImageNotification.a in Frameworks */ = {isa = PBXBuildFile; fileRef = FD60B5672C7973149C72C52D /* libPods-SharedPods-ImageNotification.a */; };
		48402DEF2E04186C0093EE2C /* libFirebaseAuth.a in Frameworks */ = {isa = PBXBuildFile; fileRef = 48402DEE2E04186C0093EE2C /* libFirebaseAuth.a */; };
		485672FB2DED73D50037FECA /* Nunito-SemiBold.ttf in Resources */ = {isa = PBXBuildFile; fileRef = 485672FA2DED73D50037FECA /* Nunito-SemiBold.ttf */; };
		485672FC2DED73D50037FECA /* Nunito-Bold.ttf in Resources */ = {isa = PBXBuildFile; fileRef = 485672F72DED73D50037FECA /* Nunito-Bold.ttf */; };
		485672FD2DED73D50037FECA /* Nunito-Regular.ttf in Resources */ = {isa = PBXBuildFile; fileRef = 485672F92DED73D50037FECA /* Nunito-Regular.ttf */; };
		485672FE2DED73D50037FECA /* Nunito-Medium.ttf in Resources */ = {isa = PBXBuildFile; fileRef = 485672F82DED73D50037FECA /* Nunito-Medium.ttf */; };
		4887D2392DFBB92D0033FB98 /* GoogleService-Info.plist in Resources */ = {isa = PBXBuildFile; fileRef = 4887D2382DFBB92D0033FB98 /* GoogleService-Info.plist */; };
		489ECE522DF29D32004A755F /* ImageNotification.appex in Embed Foundation Extensions */ = {isa = PBXBuildFile; fileRef = 489ECE4B2DF29D32004A755F /* ImageNotification.appex */; settings = {ATTRIBUTES = (RemoveHeadersOnCopy, ); }; };
		48D7CE4D2DFFD45D00DADB9F /* Config.xcconfig in Resources */ = {isa = PBXBuildFile; fileRef = 48D7CE4C2DFFD45D00DADB9F /* Config.xcconfig */; };
		48D7CE4E2DFFD45D00DADB9F /* Config.xcconfig in Resources */ = {isa = PBXBuildFile; fileRef = 48D7CE4C2DFFD45D00DADB9F /* Config.xcconfig */; };
		48F34F302DE955FB00C68889 /* Pretendard-Medium.otf in Resources */ = {isa = PBXBuildFile; fileRef = 48F34F2C2DE955FB00C68889 /* Pretendard-Medium.otf */; };
		48F34F322DE955FB00C68889 /* Pretendard-Bold.otf in Resources */ = {isa = PBXBuildFile; fileRef = 48F34F2B2DE955FB00C68889 /* Pretendard-Bold.otf */; };
		48F34F332DE955FB00C68889 /* Pretendard-Regular.otf in Resources */ = {isa = PBXBuildFile; fileRef = 48F34F2D2DE955FB00C68889 /* Pretendard-Regular.otf */; };
		48F34F342DE955FB00C68889 /* Pretendard-SemiBold.otf in Resources */ = {isa = PBXBuildFile; fileRef = 48F34F2E2DE955FB00C68889 /* Pretendard-SemiBold.otf */; };
		761780ED2CA45674006654EE /* AppDelegate.swift in Sources */ = {isa = PBXBuildFile; fileRef = 761780EC2CA45674006654EE /* AppDelegate.swift */; };
		805A31492E006C2D0098360F /* Config.release.xcconfig in Resources */ = {isa = PBXBuildFile; fileRef = 805A31482E006C2D0098360F /* Config.release.xcconfig */; };
		805A314A2E006C2D0098360F /* Config.release.xcconfig in Resources */ = {isa = PBXBuildFile; fileRef = 805A31482E006C2D0098360F /* Config.release.xcconfig */; };
		805A314C2E006C430098360F /* Config.debug.xcconfig in Resources */ = {isa = PBXBuildFile; fileRef = 805A314B2E006C430098360F /* Config.debug.xcconfig */; };
		805A314D2E006C430098360F /* Config.debug.xcconfig in Resources */ = {isa = PBXBuildFile; fileRef = 805A314B2E006C430098360F /* Config.debug.xcconfig */; };
		81AB9BB82411601600AC10FF /* LaunchScreen.storyboard in Resources */ = {isa = PBXBuildFile; fileRef = 81AB9BB72411601600AC10FF /* LaunchScreen.storyboard */; };
/* End PBXBuildFile section */

/* Begin PBXContainerItemProxy section */
		4887D2512DFC1FAC0033FB98 /* PBXContainerItemProxy */ = {
			isa = PBXContainerItemProxy;
			containerPortal = 4887D24A2DFC1FAB0033FB98 /* ReactNativeConfig.xcodeproj */;
			proxyType = 2;
			remoteGlobalIDString = EB2648DF1C7BE17A00B8F155;
			remoteInfo = ReactNativeConfig;
		};
		4887D2532DFC1FAC0033FB98 /* PBXContainerItemProxy */ = {
			isa = PBXContainerItemProxy;
			containerPortal = 4887D24A2DFC1FAB0033FB98 /* ReactNativeConfig.xcodeproj */;
			proxyType = 2;
			remoteGlobalIDString = 3DF7F6AC203AA09B00D0EAB7;
			remoteInfo = "ReactNativeConfig-tvOS";
		};
		489ECE502DF29D32004A755F /* PBXContainerItemProxy */ = {
			isa = PBXContainerItemProxy;
			containerPortal = 83CBB9F71A601CBA00E9B192 /* Project object */;
			proxyType = 1;
			remoteGlobalIDString = 489ECE4A2DF29D32004A755F;
			remoteInfo = ImageNotification;
		};
/* End PBXContainerItemProxy section */

/* Begin PBXCopyFilesBuildPhase section */
		489ECE532DF29D32004A755F /* Embed Foundation Extensions */ = {
			isa = PBXCopyFilesBuildPhase;
			buildActionMask = 8;
			dstPath = "";
			dstSubfolderSpec = 13;
			files = (
				489ECE522DF29D32004A755F /* ImageNotification.appex in Embed Foundation Extensions */,
			);
			name = "Embed Foundation Extensions";
			runOnlyForDeploymentPostprocessing = 1;
		};
/* End PBXCopyFilesBuildPhase section */

/* Begin PBXFileReference section */
		13B07F961A680F5B00A75B9A /* pomoAI.app */ = {isa = PBXFileReference; explicitFileType = wrapper.application; includeInIndex = 0; path = pomoAI.app; sourceTree = BUILT_PRODUCTS_DIR; };
		13B07FB51A68108700A75B9A /* Images.xcassets */ = {isa = PBXFileReference; lastKnownFileType = folder.assetcatalog; name = Images.xcassets; path = pomoAI/Images.xcassets; sourceTree = "<group>"; };
		13B07FB61A68108700A75B9A /* Info.plist */ = {isa = PBXFileReference; fileEncoding = 4; lastKnownFileType = text.plist.xml; name = Info.plist; path = pomoAI/Info.plist; sourceTree = "<group>"; };
		13B07FB81A68108700A75B9A /* PrivacyInfo.xcprivacy */ = {isa = PBXFileReference; fileEncoding = 4; lastKnownFileType = text.plist.xml; name = PrivacyInfo.xcprivacy; path = pomoAI/PrivacyInfo.xcprivacy; sourceTree = "<group>"; };
		163A8A1E4491AA196717C1CD /* Pods-SharedPods-ImageNotification.debug.xcconfig */ = {isa = PBXFileReference; includeInIndex = 1; lastKnownFileType = text.xcconfig; name = "Pods-SharedPods-ImageNotification.debug.xcconfig"; path = "Target Support Files/Pods-SharedPods-ImageNotification/Pods-SharedPods-ImageNotification.debug.xcconfig"; sourceTree = "<group>"; };
		2306079B80ECFBE13D627F2F /* Pods-SharedPods-pomoAI.debuglocal.xcconfig */ = {isa = PBXFileReference; includeInIndex = 1; lastKnownFileType = text.xcconfig; name = "Pods-SharedPods-pomoAI.debuglocal.xcconfig"; path = "Target Support Files/Pods-SharedPods-pomoAI/Pods-SharedPods-pomoAI.debuglocal.xcconfig"; sourceTree = "<group>"; };
		459F19F2D597616C0E80BF27 /* libPods-SharedPods-pomoAI.a */ = {isa = PBXFileReference; explicitFileType = archive.ar; includeInIndex = 0; path = "libPods-SharedPods-pomoAI.a"; sourceTree = BUILT_PRODUCTS_DIR; };
		48402DEE2E04186C0093EE2C /* libFirebaseAuth.a */ = {isa = PBXFileReference; explicitFileType = archive.ar; path = libFirebaseAuth.a; sourceTree = BUILT_PRODUCTS_DIR; };
		485672F72DED73D50037FECA /* Nunito-Bold.ttf */ = {isa = PBXFileReference; lastKnownFileType = file; path = "Nunito-Bold.ttf"; sourceTree = "<group>"; };
		485672F82DED73D50037FECA /* Nunito-Medium.ttf */ = {isa = PBXFileReference; lastKnownFileType = file; path = "Nunito-Medium.ttf"; sourceTree = "<group>"; };
		485672F92DED73D50037FECA /* Nunito-Regular.ttf */ = {isa = PBXFileReference; lastKnownFileType = file; path = "Nunito-Regular.ttf"; sourceTree = "<group>"; };
		485672FA2DED73D50037FECA /* Nunito-SemiBold.ttf */ = {isa = PBXFileReference; lastKnownFileType = file; path = "Nunito-SemiBold.ttf"; sourceTree = "<group>"; };
		4887D2382DFBB92D0033FB98 /* GoogleService-Info.plist */ = {isa = PBXFileReference; lastKnownFileType = text.plist.xml; path = "GoogleService-Info.plist"; sourceTree = "<group>"; };
		4887D24A2DFC1FAB0033FB98 /* ReactNativeConfig.xcodeproj */ = {isa = PBXFileReference; lastKnownFileType = "wrapper.pb-project"; name = ReactNativeConfig.xcodeproj; path = "../node_modules/react-native-config/ios/ReactNativeConfig.xcodeproj"; sourceTree = SOURCE_ROOT; };
		489389432DF2D601004A3ED6 /* AppDelegate.h */ = {isa = PBXFileReference; lastKnownFileType = sourcecode.c.h; path = AppDelegate.h; sourceTree = "<group>"; };
		489ECE4B2DF29D32004A755F /* ImageNotification.appex */ = {isa = PBXFileReference; explicitFileType = "wrapper.app-extension"; includeInIndex = 0; path = ImageNotification.appex; sourceTree = BUILT_PRODUCTS_DIR; };
		48D7CE4C2DFFD45D00DADB9F /* Config.xcconfig */ = {isa = PBXFileReference; lastKnownFileType = text.xcconfig; path = Config.xcconfig; sourceTree = "<group>"; };
		48F34F2B2DE955FB00C68889 /* Pretendard-Bold.otf */ = {isa = PBXFileReference; lastKnownFileType = file; path = "Pretendard-Bold.otf"; sourceTree = "<group>"; };
		48F34F2C2DE955FB00C68889 /* Pretendard-Medium.otf */ = {isa = PBXFileReference; lastKnownFileType = file; path = "Pretendard-Medium.otf"; sourceTree = "<group>"; };
		48F34F2D2DE955FB00C68889 /* Pretendard-Regular.otf */ = {isa = PBXFileReference; lastKnownFileType = file; path = "Pretendard-Regular.otf"; sourceTree = "<group>"; };
		48F34F2E2DE955FB00C68889 /* Pretendard-SemiBold.otf */ = {isa = PBXFileReference; lastKnownFileType = file; path = "Pretendard-SemiBold.otf"; sourceTree = "<group>"; };
		551ACA5FE089CF5F59587489 /* Pods-SharedPods-ImageNotification.debuglocal.xcconfig */ = {isa = PBXFileReference; includeInIndex = 1; lastKnownFileType = text.xcconfig; name = "Pods-SharedPods-ImageNotification.debuglocal.xcconfig"; path = "Target Support Files/Pods-SharedPods-ImageNotification/Pods-SharedPods-ImageNotification.debuglocal.xcconfig"; sourceTree = "<group>"; };
		761780EC2CA45674006654EE /* AppDelegate.swift */ = {isa = PBXFileReference; lastKnownFileType = sourcecode.swift; name = AppDelegate.swift; path = pomoAI/AppDelegate.swift; sourceTree = "<group>"; };
		805A31482E006C2D0098360F /* Config.release.xcconfig */ = {isa = PBXFileReference; lastKnownFileType = text.xcconfig; path = Config.release.xcconfig; sourceTree = "<group>"; };
		805A314B2E006C430098360F /* Config.debug.xcconfig */ = {isa = PBXFileReference; lastKnownFileType = text.xcconfig; path = Config.debug.xcconfig; sourceTree = "<group>"; };
		81AB9BB72411601600AC10FF /* LaunchScreen.storyboard */ = {isa = PBXFileReference; fileEncoding = 4; lastKnownFileType = file.storyboard; name = LaunchScreen.storyboard; path = pomoAI/LaunchScreen.storyboard; sourceTree = "<group>"; };
		C6915081FC290244E230BE8B /* Pods-SharedPods-pomoAI.debug.xcconfig */ = {isa = PBXFileReference; includeInIndex = 1; lastKnownFileType = text.xcconfig; name = "Pods-SharedPods-pomoAI.debug.xcconfig"; path = "Target Support Files/Pods-SharedPods-pomoAI/Pods-SharedPods-pomoAI.debug.xcconfig"; sourceTree = "<group>"; };
		C99ECF2FC79AC52518F4C5C4 /* Pods-SharedPods-pomoAI.release.xcconfig */ = {isa = PBXFileReference; includeInIndex = 1; lastKnownFileType = text.xcconfig; name = "Pods-SharedPods-pomoAI.release.xcconfig"; path = "Target Support Files/Pods-SharedPods-pomoAI/Pods-SharedPods-pomoAI.release.xcconfig"; sourceTree = "<group>"; };
		ED297162215061F000B7C4FE /* JavaScriptCore.framework */ = {isa = PBXFileReference; lastKnownFileType = wrapper.framework; name = JavaScriptCore.framework; path = System/Library/Frameworks/JavaScriptCore.framework; sourceTree = SDKROOT; };
		F54AB44974577624A0944387 /* Pods-SharedPods-ImageNotification.release.xcconfig */ = {isa = PBXFileReference; includeInIndex = 1; lastKnownFileType = text.xcconfig; name = "Pods-SharedPods-ImageNotification.release.xcconfig"; path = "Target Support Files/Pods-SharedPods-ImageNotification/Pods-SharedPods-ImageNotification.release.xcconfig"; sourceTree = "<group>"; };
		FD60B5672C7973149C72C52D /* libPods-SharedPods-ImageNotification.a */ = {isa = PBXFileReference; explicitFileType = archive.ar; includeInIndex = 0; path = "libPods-SharedPods-ImageNotification.a"; sourceTree = BUILT_PRODUCTS_DIR; };
/* End PBXFileReference section */

/* Begin PBXFileSystemSynchronizedBuildFileExceptionSet section */
		489ECE562DF29D32004A755F /* Exceptions for "ImageNotification" folder in "ImageNotification" target */ = {
			isa = PBXFileSystemSynchronizedBuildFileExceptionSet;
			membershipExceptions = (
				Info.plist,
			);
			target = 489ECE4A2DF29D32004A755F /* ImageNotification */;
		};
/* End PBXFileSystemSynchronizedBuildFileExceptionSet section */

/* Begin PBXFileSystemSynchronizedRootGroup section */
		489ECE4C2DF29D32004A755F /* ImageNotification */ = {
			isa = PBXFileSystemSynchronizedRootGroup;
			exceptions = (
				489ECE562DF29D32004A755F /* Exceptions for "ImageNotification" folder in "ImageNotification" target */,
			);
			path = ImageNotification;
			sourceTree = "<group>";
		};
/* End PBXFileSystemSynchronizedRootGroup section */

/* Begin PBXFrameworksBuildPhase section */
		13B07F8C1A680F5B00A75B9A /* Frameworks */ = {
			isa = PBXFrameworksBuildPhase;
			buildActionMask = 2147483647;
			files = (
				48402DEF2E04186C0093EE2C /* libFirebaseAuth.a in Frameworks */,
				23896F5CDC497A355CF80053 /* libPods-SharedPods-pomoAI.a in Frameworks */,
			);
			runOnlyForDeploymentPostprocessing = 0;
		};
		489ECE482DF29D32004A755F /* Frameworks */ = {
			isa = PBXFrameworksBuildPhase;
			buildActionMask = 2147483647;
			files = (
				3A8470F1B632C947F449204B /* libPods-SharedPods-ImageNotification.a in Frameworks */,
			);
			runOnlyForDeploymentPostprocessing = 0;
		};
/* End PBXFrameworksBuildPhase section */

/* Begin PBXGroup section */
		13B07FAE1A68108700A75B9A /* pomoAI */ = {
			isa = PBXGroup;
			children = (
				4887D2382DFBB92D0033FB98 /* GoogleService-Info.plist */,
				48F34F2A2DE955C000C68889 /* fonts */,
				13B07FB51A68108700A75B9A /* Images.xcassets */,
				761780EC2CA45674006654EE /* AppDelegate.swift */,
				489389432DF2D601004A3ED6 /* AppDelegate.h */,
				13B07FB61A68108700A75B9A /* Info.plist */,
				81AB9BB72411601600AC10FF /* LaunchScreen.storyboard */,
				13B07FB81A68108700A75B9A /* PrivacyInfo.xcprivacy */,
			);
			name = pomoAI;
			sourceTree = "<group>";
		};
		2D16E6871FA4F8E400B85C8A /* Frameworks */ = {
			isa = PBXGroup;
			children = (
				48402DEE2E04186C0093EE2C /* libFirebaseAuth.a */,
				ED297162215061F000B7C4FE /* JavaScriptCore.framework */,
				FD60B5672C7973149C72C52D /* libPods-SharedPods-ImageNotification.a */,
				459F19F2D597616C0E80BF27 /* libPods-SharedPods-pomoAI.a */,
			);
			name = Frameworks;
			sourceTree = "<group>";
		};
		4887D24D2DFC1FAB0033FB98 /* Products */ = {
			isa = PBXGroup;
			children = (
				4887D2522DFC1FAC0033FB98 /* libRNCConfig.a */,
				4887D2542DFC1FAC0033FB98 /* libRNCConfig-tvOS.a */,
			);
			name = Products;
			sourceTree = "<group>";
		};
		48F34F2A2DE955C000C68889 /* fonts */ = {
			isa = PBXGroup;
			children = (
				485672F72DED73D50037FECA /* Nunito-Bold.ttf */,
				485672F82DED73D50037FECA /* Nunito-Medium.ttf */,
				485672F92DED73D50037FECA /* Nunito-Regular.ttf */,
				485672FA2DED73D50037FECA /* Nunito-SemiBold.ttf */,
				48F34F2B2DE955FB00C68889 /* Pretendard-Bold.otf */,
				48F34F2C2DE955FB00C68889 /* Pretendard-Medium.otf */,
				48F34F2D2DE955FB00C68889 /* Pretendard-Regular.otf */,
				48F34F2E2DE955FB00C68889 /* Pretendard-SemiBold.otf */,
			);
			path = fonts;
			sourceTree = "<group>";
		};
		832341AE1AAA6A7D00B99B32 /* Libraries */ = {
			isa = PBXGroup;
			children = (
				4887D24A2DFC1FAB0033FB98 /* ReactNativeConfig.xcodeproj */,
			);
			name = Libraries;
			sourceTree = "<group>";
		};
		83CBB9F61A601CBA00E9B192 = {
			isa = PBXGroup;
			children = (
				805A314B2E006C430098360F /* Config.debug.xcconfig */,
				805A31482E006C2D0098360F /* Config.release.xcconfig */,
				48D7CE4C2DFFD45D00DADB9F /* Config.xcconfig */,
				13B07FAE1A68108700A75B9A /* pomoAI */,
				832341AE1AAA6A7D00B99B32 /* Libraries */,
				489ECE4C2DF29D32004A755F /* ImageNotification */,
				83CBBA001A601CBA00E9B192 /* Products */,
				2D16E6871FA4F8E400B85C8A /* Frameworks */,
				BBD78D7AC51CEA395F1C20DB /* Pods */,
			);
			indentWidth = 2;
			sourceTree = "<group>";
			tabWidth = 2;
			usesTabs = 0;
		};
		83CBBA001A601CBA00E9B192 /* Products */ = {
			isa = PBXGroup;
			children = (
				13B07F961A680F5B00A75B9A /* pomoAI.app */,
				489ECE4B2DF29D32004A755F /* ImageNotification.appex */,
			);
			name = Products;
			sourceTree = "<group>";
		};
		BBD78D7AC51CEA395F1C20DB /* Pods */ = {
			isa = PBXGroup;
			children = (
				163A8A1E4491AA196717C1CD /* Pods-SharedPods-ImageNotification.debug.xcconfig */,
				551ACA5FE089CF5F59587489 /* Pods-SharedPods-ImageNotification.debuglocal.xcconfig */,
				F54AB44974577624A0944387 /* Pods-SharedPods-ImageNotification.release.xcconfig */,
				C6915081FC290244E230BE8B /* Pods-SharedPods-pomoAI.debug.xcconfig */,
				2306079B80ECFBE13D627F2F /* Pods-SharedPods-pomoAI.debuglocal.xcconfig */,
				C99ECF2FC79AC52518F4C5C4 /* Pods-SharedPods-pomoAI.release.xcconfig */,
			);
			path = Pods;
			sourceTree = "<group>";
		};
/* End PBXGroup section */

/* Begin PBXNativeTarget section */
		13B07F861A680F5B00A75B9A /* pomoAI */ = {
			isa = PBXNativeTarget;
			buildConfigurationList = 13B07F931A680F5B00A75B9A /* Build configuration list for PBXNativeTarget "pomoAI" */;
			buildPhases = (
				2D94C47FF21D39BEE67625FA /* [CP] Check Pods Manifest.lock */,
				13B07F871A680F5B00A75B9A /* Sources */,
				13B07F8C1A680F5B00A75B9A /* Frameworks */,
				13B07F8E1A680F5B00A75B9A /* Resources */,
				00DD1BFF1BD5951E006B06BC /* Bundle React Native code and images */,
				489ECE532DF29D32004A755F /* Embed Foundation Extensions */,
				48D7CDFF2DFFC45900DADB9F /* Load .env */,
				6F83CC5300C81EDC22193213 /* [CP] Embed Pods Frameworks */,
				A1A668FC9E5A2DDFC755332B /* [CP] Copy Pods Resources */,
				B43237BC6C5B068A177154BA /* [CP-User] [RNFB] Core Configuration */,
				CEC746F7B95C2C921DA79E1E /* [CP-User] [RNFB] Crashlytics Configuration */,
			);
			buildRules = (
			);
			dependencies = (
				489ECE512DF29D32004A755F /* PBXTargetDependency */,
			);
			name = pomoAI;
			productName = pomoAI;
			productReference = 13B07F961A680F5B00A75B9A /* pomoAI.app */;
			productType = "com.apple.product-type.application";
		};
		489ECE4A2DF29D32004A755F /* ImageNotification */ = {
			isa = PBXNativeTarget;
			buildConfigurationList = 489ECE572DF29D32004A755F /* Build configuration list for PBXNativeTarget "ImageNotification" */;
			buildPhases = (
				451735CAE5F2A94A430FFA5A /* [CP] Check Pods Manifest.lock */,
				489ECE472DF29D32004A755F /* Sources */,
				489ECE482DF29D32004A755F /* Frameworks */,
				489ECE492DF29D32004A755F /* Resources */,
				55F142A3B500075AF0A5329F /* [CP] Copy Pods Resources */,
			);
			buildRules = (
			);
			dependencies = (
			);
			fileSystemSynchronizedGroups = (
				489ECE4C2DF29D32004A755F /* ImageNotification */,
			);
			name = ImageNotification;
			productName = ImageNotification;
			productReference = 489ECE4B2DF29D32004A755F /* ImageNotification.appex */;
			productType = "com.apple.product-type.app-extension";
		};
/* End PBXNativeTarget section */

/* Begin PBXProject section */
		83CBB9F71A601CBA00E9B192 /* Project object */ = {
			isa = PBXProject;
			attributes = {
				LastSwiftUpdateCheck = 1610;
				LastUpgradeCheck = 1210;
				TargetAttributes = {
					13B07F861A680F5B00A75B9A = {
						LastSwiftMigration = 1120;
					};
					489ECE4A2DF29D32004A755F = {
						CreatedOnToolsVersion = 16.1;
					};
				};
			};
			buildConfigurationList = 83CBB9FA1A601CBA00E9B192 /* Build configuration list for PBXProject "pomoAI" */;
			developmentRegion = en;
			hasScannedForEncodings = 0;
			knownRegions = (
				en,
				Base,
			);
			mainGroup = 83CBB9F61A601CBA00E9B192;
			preferredProjectObjectVersion = 77;
			productRefGroup = 83CBBA001A601CBA00E9B192 /* Products */;
			projectDirPath = "";
			projectReferences = (
				{
					ProductGroup = 4887D24D2DFC1FAB0033FB98 /* Products */;
					ProjectRef = 4887D24A2DFC1FAB0033FB98 /* ReactNativeConfig.xcodeproj */;
				},
			);
			projectRoot = "";
			targets = (
				13B07F861A680F5B00A75B9A /* pomoAI */,
				489ECE4A2DF29D32004A755F /* ImageNotification */,
			);
		};
/* End PBXProject section */

/* Begin PBXReferenceProxy section */
		4887D2522DFC1FAC0033FB98 /* libRNCConfig.a */ = {
			isa = PBXReferenceProxy;
			fileType = archive.ar;
			name = libRNCConfig.a;
			path = libReactNativeConfig.a;
			remoteRef = 4887D2512DFC1FAC0033FB98 /* PBXContainerItemProxy */;
			sourceTree = BUILT_PRODUCTS_DIR;
		};
		4887D2542DFC1FAC0033FB98 /* libRNCConfig-tvOS.a */ = {
			isa = PBXReferenceProxy;
			fileType = archive.ar;
			name = "libRNCConfig-tvOS.a";
			path = "libReactNativeConfig-tvOS.a";
			remoteRef = 4887D2532DFC1FAC0033FB98 /* PBXContainerItemProxy */;
			sourceTree = BUILT_PRODUCTS_DIR;
		};
/* End PBXReferenceProxy section */

/* Begin PBXResourcesBuildPhase section */
		13B07F8E1A680F5B00A75B9A /* Resources */ = {
			isa = PBXResourcesBuildPhase;
			buildActionMask = 2147483647;
			files = (
				485672FB2DED73D50037FECA /* Nunito-SemiBold.ttf in Resources */,
				485672FC2DED73D50037FECA /* Nunito-Bold.ttf in Resources */,
				485672FD2DED73D50037FECA /* Nunito-Regular.ttf in Resources */,
				485672FE2DED73D50037FECA /* Nunito-Medium.ttf in Resources */,
				81AB9BB82411601600AC10FF /* LaunchScreen.storyboard in Resources */,
				48D7CE4E2DFFD45D00DADB9F /* Config.xcconfig in Resources */,
				4887D2392DFBB92D0033FB98 /* GoogleService-Info.plist in Resources */,
				13B07FBF1A68108700A75B9A /* Images.xcassets in Resources */,
				805A314C2E006C430098360F /* Config.debug.xcconfig in Resources */,
				3104A0B39FCCE4321238763E /* PrivacyInfo.xcprivacy in Resources */,
				805A31492E006C2D0098360F /* Config.release.xcconfig in Resources */,
				48F34F302DE955FB00C68889 /* Pretendard-Medium.otf in Resources */,
				48F34F322DE955FB00C68889 /* Pretendard-Bold.otf in Resources */,
				48F34F332DE955FB00C68889 /* Pretendard-Regular.otf in Resources */,
				48F34F342DE955FB00C68889 /* Pretendard-SemiBold.otf in Resources */,
			);
			runOnlyForDeploymentPostprocessing = 0;
		};
		489ECE492DF29D32004A755F /* Resources */ = {
			isa = PBXResourcesBuildPhase;
			buildActionMask = 2147483647;
			files = (
				48D7CE4D2DFFD45D00DADB9F /* Config.xcconfig in Resources */,
				805A314A2E006C2D0098360F /* Config.release.xcconfig in Resources */,
				805A314D2E006C430098360F /* Config.debug.xcconfig in Resources */,
			);
			runOnlyForDeploymentPostprocessing = 0;
		};
/* End PBXResourcesBuildPhase section */

/* Begin PBXShellScriptBuildPhase section */
		00DD1BFF1BD5951E006B06BC /* Bundle React Native code and images */ = {
			isa = PBXShellScriptBuildPhase;
			buildActionMask = 2147483647;
			files = (
			);
			inputPaths = (
				"$(SRCROOT)/.xcode.env.local",
				"$(SRCROOT)/.xcode.env",
			);
			name = "Bundle React Native code and images";
			outputPaths = (
			);
			runOnlyForDeploymentPostprocessing = 0;
			shellPath = /bin/sh;
			shellScript = "set -e\n\necho \"SCHEME: $SCHEME\"\necho \"CONFIGURATION: $CONFIGURATION\"\n\nif [[ \"$SCHEME\" == *\"Dev\"* ]]; then\n  export ENVFILE=.env.dev\nelif [[ \"$SCHEME\" == *\"Prod\"* ]]; then\n  export ENVFILE=.env.prod\nelse\n  export ENVFILE=.env\nfi\n\necho \"Using ENVFILE=$ENVFILE\"\n\nWITH_ENVIRONMENT=\"$REACT_NATIVE_PATH/scripts/xcode/with-environment.sh\"\nREACT_NATIVE_XCODE=\"$REACT_NATIVE_PATH/scripts/react-native-xcode.sh\"\n\n/bin/sh -c \"$WITH_ENVIRONMENT $REACT_NATIVE_XCODE\"\n";
		};
		2D94C47FF21D39BEE67625FA /* [CP] Check Pods Manifest.lock */ = {
			isa = PBXShellScriptBuildPhase;
			buildActionMask = 2147483647;
			files = (
			);
			inputFileListPaths = (
			);
			inputPaths = (
				"${PODS_PODFILE_DIR_PATH}/Podfile.lock",
				"${PODS_ROOT}/Manifest.lock",
			);
			name = "[CP] Check Pods Manifest.lock";
			outputFileListPaths = (
			);
			outputPaths = (
				"$(DERIVED_FILE_DIR)/Pods-SharedPods-pomoAI-checkManifestLockResult.txt",
			);
			runOnlyForDeploymentPostprocessing = 0;
			shellPath = /bin/sh;
			shellScript = "diff \"${PODS_PODFILE_DIR_PATH}/Podfile.lock\" \"${PODS_ROOT}/Manifest.lock\" > /dev/null\nif [ $? != 0 ] ; then\n    # print error to STDERR\n    echo \"error: The sandbox is not in sync with the Podfile.lock. Run 'pod install' or update your CocoaPods installation.\" >&2\n    exit 1\nfi\n# This output is used by Xcode 'outputs' to avoid re-running this script phase.\necho \"SUCCESS\" > \"${SCRIPT_OUTPUT_FILE_0}\"\n";
			showEnvVarsInLog = 0;
		};
		451735CAE5F2A94A430FFA5A /* [CP] Check Pods Manifest.lock */ = {
			isa = PBXShellScriptBuildPhase;
			buildActionMask = 2147483647;
			files = (
			);
			inputFileListPaths = (
			);
			inputPaths = (
				"${PODS_PODFILE_DIR_PATH}/Podfile.lock",
				"${PODS_ROOT}/Manifest.lock",
			);
			name = "[CP] Check Pods Manifest.lock";
			outputFileListPaths = (
			);
			outputPaths = (
				"$(DERIVED_FILE_DIR)/Pods-SharedPods-ImageNotification-checkManifestLockResult.txt",
			);
			runOnlyForDeploymentPostprocessing = 0;
			shellPath = /bin/sh;
			shellScript = "diff \"${PODS_PODFILE_DIR_PATH}/Podfile.lock\" \"${PODS_ROOT}/Manifest.lock\" > /dev/null\nif [ $? != 0 ] ; then\n    # print error to STDERR\n    echo \"error: The sandbox is not in sync with the Podfile.lock. Run 'pod install' or update your CocoaPods installation.\" >&2\n    exit 1\nfi\n# This output is used by Xcode 'outputs' to avoid re-running this script phase.\necho \"SUCCESS\" > \"${SCRIPT_OUTPUT_FILE_0}\"\n";
			showEnvVarsInLog = 0;
		};
		48D7CDFF2DFFC45900DADB9F /* Load .env */ = {
			isa = PBXShellScriptBuildPhase;
			buildActionMask = 2147483647;
			files = (
			);
			inputFileListPaths = (
			);
			inputPaths = (
			);
			name = "Load .env";
			outputFileListPaths = (
			);
			outputPaths = (
			);
			runOnlyForDeploymentPostprocessing = 0;
			shellPath = /bin/sh;
			shellScript = "ENV_NAME=${ENV:-dev}  # fallback only if ENV not set in Build Settings\n\nENV_PATH=\"$PROJECT_DIR/../.env.${ENV_NAME}\"\necho \"Looking for env file at: $ENV_PATH\"\n\nif [ -f \"$ENV_PATH\" ]; then\n  echo \"✅ Using $ENV_PATH\"\n  export ENVFILE=\".env.${ENV_NAME}\"\nelse\n  echo \"❌ ERROR: $ENV_PATH does not exist. Please create the file or set ENV correctly.\"\n  exit 1\nfi\n";
		};
		55F142A3B500075AF0A5329F /* [CP] Copy Pods Resources */ = {
			isa = PBXShellScriptBuildPhase;
			buildActionMask = 2147483647;
			files = (
			);
			inputFileListPaths = (
				"${PODS_ROOT}/Target Support Files/Pods-SharedPods-ImageNotification/Pods-SharedPods-ImageNotification-resources-${CONFIGURATION}-input-files.xcfilelist",
			);
			name = "[CP] Copy Pods Resources";
			outputFileListPaths = (
				"${PODS_ROOT}/Target Support Files/Pods-SharedPods-ImageNotification/Pods-SharedPods-ImageNotification-resources-${CONFIGURATION}-output-files.xcfilelist",
			);
			runOnlyForDeploymentPostprocessing = 0;
			shellPath = /bin/sh;
			shellScript = "\"${PODS_ROOT}/Target Support Files/Pods-SharedPods-ImageNotification/Pods-SharedPods-ImageNotification-resources.sh\"\n";
			showEnvVarsInLog = 0;
		};
		6F83CC5300C81EDC22193213 /* [CP] Embed Pods Frameworks */ = {
			isa = PBXShellScriptBuildPhase;
			buildActionMask = 2147483647;
			files = (
			);
			inputFileListPaths = (
				"${PODS_ROOT}/Target Support Files/Pods-SharedPods-pomoAI/Pods-SharedPods-pomoAI-frameworks-${CONFIGURATION}-input-files.xcfilelist",
			);
			name = "[CP] Embed Pods Frameworks";
			outputFileListPaths = (
				"${PODS_ROOT}/Target Support Files/Pods-SharedPods-pomoAI/Pods-SharedPods-pomoAI-frameworks-${CONFIGURATION}-output-files.xcfilelist",
			);
			runOnlyForDeploymentPostprocessing = 0;
			shellPath = /bin/sh;
			shellScript = "\"${PODS_ROOT}/Target Support Files/Pods-SharedPods-pomoAI/Pods-SharedPods-pomoAI-frameworks.sh\"\n";
			showEnvVarsInLog = 0;
		};
		A1A668FC9E5A2DDFC755332B /* [CP] Copy Pods Resources */ = {
			isa = PBXShellScriptBuildPhase;
			buildActionMask = 2147483647;
			files = (
			);
			inputFileListPaths = (
				"${PODS_ROOT}/Target Support Files/Pods-SharedPods-pomoAI/Pods-SharedPods-pomoAI-resources-${CONFIGURATION}-input-files.xcfilelist",
			);
			name = "[CP] Copy Pods Resources";
			outputFileListPaths = (
				"${PODS_ROOT}/Target Support Files/Pods-SharedPods-pomoAI/Pods-SharedPods-pomoAI-resources-${CONFIGURATION}-output-files.xcfilelist",
			);
			runOnlyForDeploymentPostprocessing = 0;
			shellPath = /bin/sh;
			shellScript = "\"${PODS_ROOT}/Target Support Files/Pods-SharedPods-pomoAI/Pods-SharedPods-pomoAI-resources.sh\"\n";
			showEnvVarsInLog = 0;
		};
		B43237BC6C5B068A177154BA /* [CP-User] [RNFB] Core Configuration */ = {
			isa = PBXShellScriptBuildPhase;
			buildActionMask = 2147483647;
			files = (
			);
			inputPaths = (
				"$(BUILT_PRODUCTS_DIR)/$(INFOPLIST_PATH)",
			);
			name = "[CP-User] [RNFB] Core Configuration";
			runOnlyForDeploymentPostprocessing = 0;
			shellPath = /bin/sh;
			shellScript = "#!/usr/bin/env bash\n#\n# Copyright (c) 2016-present Invertase Limited & Contributors\n#\n# Licensed under the Apache License, Version 2.0 (the \"License\");\n# you may not use this library except in compliance with the License.\n# You may obtain a copy of the License at\n#\n#   http://www.apache.org/licenses/LICENSE-2.0\n#\n# Unless required by applicable law or agreed to in writing, software\n# distributed under the License is distributed on an \"AS IS\" BASIS,\n# WITHOUT WARRANTIES OR CONDITIONS OF ANY KIND, either express or implied.\n# See the License for the specific language governing permissions and\n# limitations under the License.\n#\n\n##########################################################################\n##########################################################################\n#\n#  NOTE THAT IF YOU CHANGE THIS FILE YOU MUST RUN pod install AFTERWARDS\n#\n#  This file is installed as an Xcode build script in the project file\n#  by cocoapods, and you will not see your changes until you pod install\n#\n##########################################################################\n##########################################################################\n\nset -e\n\n_MAX_LOOKUPS=2;\n_SEARCH_RESULT=''\n_RN_ROOT_EXISTS=''\n_CURRENT_LOOKUPS=1\n_JSON_ROOT=\"'react-native'\"\n_JSON_FILE_NAME='firebase.json'\n_JSON_OUTPUT_BASE64='e30=' # { }\n_CURRENT_SEARCH_DIR=${PROJECT_DIR}\n_PLIST_BUDDY=/usr/libexec/PlistBuddy\n_TARGET_PLIST=\"${BUILT_PRODUCTS_DIR}/${INFOPLIST_PATH}\"\n_DSYM_PLIST=\"${DWARF_DSYM_FOLDER_PATH}/${DWARF_DSYM_FILE_NAME}/Contents/Info.plist\"\n\n# plist arrays\n_PLIST_ENTRY_KEYS=()\n_PLIST_ENTRY_TYPES=()\n_PLIST_ENTRY_VALUES=()\n\nfunction setPlistValue {\n  echo \"info:      setting plist entry '$1' of type '$2' in file '$4'\"\n  ${_PLIST_BUDDY} -c \"Add :$1 $2 '$3'\" $4 || echo \"info:      '$1' already exists\"\n}\n\nfunction getFirebaseJsonKeyValue () {\n  if [[ ${_RN_ROOT_EXISTS} ]]; then\n    ruby -Ku -e \"require 'rubygems';require 'json'; output=JSON.parse('$1'); puts output[$_JSON_ROOT]['$2']\"\n  else\n    echo \"\"\n  fi;\n}\n\nfunction jsonBoolToYesNo () {\n  if [[ $1 == \"false\" ]]; then\n    echo \"NO\"\n  elif [[ $1 == \"true\" ]]; then\n    echo \"YES\"\n  else echo \"NO\"\n  fi\n}\n\necho \"info: -> RNFB build script started\"\necho \"info: 1) Locating ${_JSON_FILE_NAME} file:\"\n\nif [[ -z ${_CURRENT_SEARCH_DIR} ]]; then\n  _CURRENT_SEARCH_DIR=$(pwd)\nfi;\n\nwhile true; do\n  _CURRENT_SEARCH_DIR=$(dirname \"$_CURRENT_SEARCH_DIR\")\n  if [[ \"$_CURRENT_SEARCH_DIR\" == \"/\" ]] || [[ ${_CURRENT_LOOKUPS} -gt ${_MAX_LOOKUPS} ]]; then break; fi;\n  echo \"info:      ($_CURRENT_LOOKUPS of $_MAX_LOOKUPS) Searching in '$_CURRENT_SEARCH_DIR' for a ${_JSON_FILE_NAME} file.\"\n  _SEARCH_RESULT=$(find \"$_CURRENT_SEARCH_DIR\" -maxdepth 2 -name ${_JSON_FILE_NAME} -print | /usr/bin/head -n 1)\n  if [[ ${_SEARCH_RESULT} ]]; then\n    echo \"info:      ${_JSON_FILE_NAME} found at $_SEARCH_RESULT\"\n    break;\n  fi;\n  _CURRENT_LOOKUPS=$((_CURRENT_LOOKUPS+1))\ndone\n\nif [[ ${_SEARCH_RESULT} ]]; then\n  _JSON_OUTPUT_RAW=$(cat \"${_SEARCH_RESULT}\")\n  _RN_ROOT_EXISTS=$(ruby -Ku -e \"require 'rubygems';require 'json'; output=JSON.parse('$_JSON_OUTPUT_RAW'); puts output[$_JSON_ROOT]\" || echo '')\n\n  if [[ ${_RN_ROOT_EXISTS} ]]; then\n    if ! python3 --version >/dev/null 2>&1; then echo \"python3 not found, firebase.json file processing error.\" && exit 1; fi\n    _JSON_OUTPUT_BASE64=$(python3 -c 'import json,sys,base64;print(base64.b64encode(bytes(json.dumps(json.loads(open('\"'${_SEARCH_RESULT}'\"', '\"'rb'\"').read())['${_JSON_ROOT}']), '\"'utf-8'\"')).decode())' || echo \"e30=\")\n  fi\n\n  _PLIST_ENTRY_KEYS+=(\"firebase_json_raw\")\n  _PLIST_ENTRY_TYPES+=(\"string\")\n  _PLIST_ENTRY_VALUES+=(\"$_JSON_OUTPUT_BASE64\")\n\n  # config.app_data_collection_default_enabled\n  _APP_DATA_COLLECTION_ENABLED=$(getFirebaseJsonKeyValue \"$_JSON_OUTPUT_RAW\" \"app_data_collection_default_enabled\")\n  if [[ $_APP_DATA_COLLECTION_ENABLED ]]; then\n    _PLIST_ENTRY_KEYS+=(\"FirebaseDataCollectionDefaultEnabled\")\n    _PLIST_ENTRY_TYPES+=(\"bool\")\n    _PLIST_ENTRY_VALUES+=(\"$(jsonBoolToYesNo \"$_APP_DATA_COLLECTION_ENABLED\")\")\n  fi\n\n  # config.analytics_auto_collection_enabled\n  _ANALYTICS_AUTO_COLLECTION=$(getFirebaseJsonKeyValue \"$_JSON_OUTPUT_RAW\" \"analytics_auto_collection_enabled\")\n  if [[ $_ANALYTICS_AUTO_COLLECTION ]]; then\n    _PLIST_ENTRY_KEYS+=(\"FIREBASE_ANALYTICS_COLLECTION_ENABLED\")\n    _PLIST_ENTRY_TYPES+=(\"bool\")\n    _PLIST_ENTRY_VALUES+=(\"$(jsonBoolToYesNo \"$_ANALYTICS_AUTO_COLLECTION\")\")\n  fi\n\n  # config.analytics_collection_deactivated\n  _ANALYTICS_DEACTIVATED=$(getFirebaseJsonKeyValue \"$_JSON_OUTPUT_RAW\" \"analytics_collection_deactivated\")\n  if [[ $_ANALYTICS_DEACTIVATED ]]; then\n    _PLIST_ENTRY_KEYS+=(\"FIREBASE_ANALYTICS_COLLECTION_DEACTIVATED\")\n    _PLIST_ENTRY_TYPES+=(\"bool\")\n    _PLIST_ENTRY_VALUES+=(\"$(jsonBoolToYesNo \"$_ANALYTICS_DEACTIVATED\")\")\n  fi\n\n  # config.analytics_idfv_collection_enabled\n  _ANALYTICS_IDFV_COLLECTION=$(getFirebaseJsonKeyValue \"$_JSON_OUTPUT_RAW\" \"analytics_idfv_collection_enabled\")\n  if [[ $_ANALYTICS_IDFV_COLLECTION ]]; then\n    _PLIST_ENTRY_KEYS+=(\"GOOGLE_ANALYTICS_IDFV_COLLECTION_ENABLED\")\n    _PLIST_ENTRY_TYPES+=(\"bool\")\n    _PLIST_ENTRY_VALUES+=(\"$(jsonBoolToYesNo \"$_ANALYTICS_IDFV_COLLECTION\")\")\n  fi\n\n  # config.analytics_default_allow_analytics_storage\n  _ANALYTICS_STORAGE=$(getFirebaseJsonKeyValue \"$_JSON_OUTPUT_RAW\" \"analytics_default_allow_analytics_storage\")\n  if [[ $_ANALYTICS_STORAGE ]]; then\n    _PLIST_ENTRY_KEYS+=(\"GOOGLE_ANALYTICS_DEFAULT_ALLOW_ANALYTICS_STORAGE\")\n    _PLIST_ENTRY_TYPES+=(\"bool\")\n    _PLIST_ENTRY_VALUES+=(\"$(jsonBoolToYesNo \"$_ANALYTICS_STORAGE\")\")\n  fi\n\n  # config.analytics_default_allow_ad_storage\n  _ANALYTICS_AD_STORAGE=$(getFirebaseJsonKeyValue \"$_JSON_OUTPUT_RAW\" \"analytics_default_allow_ad_storage\")\n  if [[ $_ANALYTICS_AD_STORAGE ]]; then\n    _PLIST_ENTRY_KEYS+=(\"GOOGLE_ANALYTICS_DEFAULT_ALLOW_AD_STORAGE\")\n    _PLIST_ENTRY_TYPES+=(\"bool\")\n    _PLIST_ENTRY_VALUES+=(\"$(jsonBoolToYesNo \"$_ANALYTICS_AD_STORAGE\")\")\n  fi\n\n  # config.analytics_default_allow_ad_user_data\n  _ANALYTICS_AD_USER_DATA=$(getFirebaseJsonKeyValue \"$_JSON_OUTPUT_RAW\" \"analytics_default_allow_ad_user_data\")\n  if [[ $_ANALYTICS_AD_USER_DATA ]]; then\n    _PLIST_ENTRY_KEYS+=(\"GOOGLE_ANALYTICS_DEFAULT_ALLOW_AD_USER_DATA\")\n    _PLIST_ENTRY_TYPES+=(\"bool\")\n    _PLIST_ENTRY_VALUES+=(\"$(jsonBoolToYesNo \"$_ANALYTICS_AD_USER_DATA\")\")\n  fi\n\n  # config.analytics_default_allow_ad_personalization_signals\n  _ANALYTICS_PERSONALIZATION=$(getFirebaseJsonKeyValue \"$_JSON_OUTPUT_RAW\" \"analytics_default_allow_ad_personalization_signals\")\n  if [[ $_ANALYTICS_PERSONALIZATION ]]; then\n    _PLIST_ENTRY_KEYS+=(\"GOOGLE_ANALYTICS_DEFAULT_ALLOW_AD_PERSONALIZATION_SIGNALS\")\n    _PLIST_ENTRY_TYPES+=(\"bool\")\n    _PLIST_ENTRY_VALUES+=(\"$(jsonBoolToYesNo \"$_ANALYTICS_PERSONALIZATION\")\")\n  fi\n\n  # config.analytics_registration_with_ad_network_enabled\n  _ANALYTICS_REGISTRATION_WITH_AD_NETWORK=$(getFirebaseJsonKeyValue \"$_JSON_OUTPUT_RAW\" \"google_analytics_registration_with_ad_network_enabled\")\n  if [[ $_ANALYTICS_REGISTRATION_WITH_AD_NETWORK ]]; then\n    _PLIST_ENTRY_KEYS+=(\"GOOGLE_ANALYTICS_REGISTRATION_WITH_AD_NETWORK_ENABLED\")\n    _PLIST_ENTRY_TYPES+=(\"bool\")\n    _PLIST_ENTRY_VALUES+=(\"$(jsonBoolToYesNo \"$_ANALYTICS_REGISTRATION_WITH_AD_NETWORK\")\")\n  fi\n\n  # config.google_analytics_automatic_screen_reporting_enabled\n  _ANALYTICS_AUTO_SCREEN_REPORTING=$(getFirebaseJsonKeyValue \"$_JSON_OUTPUT_RAW\" \"google_analytics_automatic_screen_reporting_enabled\")\n  if [[ $_ANALYTICS_AUTO_SCREEN_REPORTING ]]; then\n    _PLIST_ENTRY_KEYS+=(\"FirebaseAutomaticScreenReportingEnabled\")\n    _PLIST_ENTRY_TYPES+=(\"bool\")\n    _PLIST_ENTRY_VALUES+=(\"$(jsonBoolToYesNo \"$_ANALYTICS_AUTO_SCREEN_REPORTING\")\")\n  fi\n\n  # config.perf_auto_collection_enabled\n  _PERF_AUTO_COLLECTION=$(getFirebaseJsonKeyValue \"$_JSON_OUTPUT_RAW\" \"perf_auto_collection_enabled\")\n  if [[ $_PERF_AUTO_COLLECTION ]]; then\n    _PLIST_ENTRY_KEYS+=(\"firebase_performance_collection_enabled\")\n    _PLIST_ENTRY_TYPES+=(\"bool\")\n    _PLIST_ENTRY_VALUES+=(\"$(jsonBoolToYesNo \"$_PERF_AUTO_COLLECTION\")\")\n  fi\n\n  # config.perf_collection_deactivated\n  _PERF_DEACTIVATED=$(getFirebaseJsonKeyValue \"$_JSON_OUTPUT_RAW\" \"perf_collection_deactivated\")\n  if [[ $_PERF_DEACTIVATED ]]; then\n    _PLIST_ENTRY_KEYS+=(\"firebase_performance_collection_deactivated\")\n    _PLIST_ENTRY_TYPES+=(\"bool\")\n    _PLIST_ENTRY_VALUES+=(\"$(jsonBoolToYesNo \"$_PERF_DEACTIVATED\")\")\n  fi\n\n  # config.messaging_auto_init_enabled\n  _MESSAGING_AUTO_INIT=$(getFirebaseJsonKeyValue \"$_JSON_OUTPUT_RAW\" \"messaging_auto_init_enabled\")\n  if [[ $_MESSAGING_AUTO_INIT ]]; then\n    _PLIST_ENTRY_KEYS+=(\"FirebaseMessagingAutoInitEnabled\")\n    _PLIST_ENTRY_TYPES+=(\"bool\")\n    _PLIST_ENTRY_VALUES+=(\"$(jsonBoolToYesNo \"$_MESSAGING_AUTO_INIT\")\")\n  fi\n\n  # config.in_app_messaging_auto_colllection_enabled\n  _FIAM_AUTO_INIT=$(getFirebaseJsonKeyValue \"$_JSON_OUTPUT_RAW\" \"in_app_messaging_auto_collection_enabled\")\n  if [[ $_FIAM_AUTO_INIT ]]; then\n    _PLIST_ENTRY_KEYS+=(\"FirebaseInAppMessagingAutomaticDataCollectionEnabled\")\n    _PLIST_ENTRY_TYPES+=(\"bool\")\n    _PLIST_ENTRY_VALUES+=(\"$(jsonBoolToYesNo \"$_FIAM_AUTO_INIT\")\")\n  fi\n\n  # config.app_check_token_auto_refresh\n  _APP_CHECK_TOKEN_AUTO_REFRESH=$(getFirebaseJsonKeyValue \"$_JSON_OUTPUT_RAW\" \"app_check_token_auto_refresh\")\n  if [[ $_APP_CHECK_TOKEN_AUTO_REFRESH ]]; then\n    _PLIST_ENTRY_KEYS+=(\"FirebaseAppCheckTokenAutoRefreshEnabled\")\n    _PLIST_ENTRY_TYPES+=(\"bool\")\n    _PLIST_ENTRY_VALUES+=(\"$(jsonBoolToYesNo \"$_APP_CHECK_TOKEN_AUTO_REFRESH\")\")\n  fi\n\n  # config.crashlytics_disable_auto_disabler - undocumented for now - mainly for debugging, document if becomes useful\n  _CRASHLYTICS_AUTO_DISABLE_ENABLED=$(getFirebaseJsonKeyValue \"$_JSON_OUTPUT_RAW\" \"crashlytics_disable_auto_disabler\")\n  if [[ $_CRASHLYTICS_AUTO_DISABLE_ENABLED == \"true\" ]]; then\n    echo \"Disabled Crashlytics auto disabler.\" # do nothing\n  else\n    _PLIST_ENTRY_KEYS+=(\"FirebaseCrashlyticsCollectionEnabled\")\n    _PLIST_ENTRY_TYPES+=(\"bool\")\n    _PLIST_ENTRY_VALUES+=(\"NO\")\n  fi\nelse\n  _PLIST_ENTRY_KEYS+=(\"firebase_json_raw\")\n  _PLIST_ENTRY_TYPES+=(\"string\")\n  _PLIST_ENTRY_VALUES+=(\"$_JSON_OUTPUT_BASE64\")\n  echo \"warning:   A firebase.json file was not found, whilst this file is optional it is recommended to include it to configure firebase services in React Native Firebase.\"\nfi;\n\necho \"info: 2) Injecting Info.plist entries: \"\n\n# Log out the keys we're adding\nfor i in \"${!_PLIST_ENTRY_KEYS[@]}\"; do\n  echo \"    ->  $i) ${_PLIST_ENTRY_KEYS[$i]}\" \"${_PLIST_ENTRY_TYPES[$i]}\" \"${_PLIST_ENTRY_VALUES[$i]}\"\ndone\n\nfor plist in \"${_TARGET_PLIST}\" \"${_DSYM_PLIST}\" ; do\n  if [[ -f \"${plist}\" ]]; then\n\n    # paths with spaces break the call to setPlistValue. temporarily modify\n    # the shell internal field separator variable (IFS), which normally\n    # includes spaces, to consist only of line breaks\n    oldifs=$IFS\n    IFS=\"\n\"\n\n    for i in \"${!_PLIST_ENTRY_KEYS[@]}\"; do\n      setPlistValue \"${_PLIST_ENTRY_KEYS[$i]}\" \"${_PLIST_ENTRY_TYPES[$i]}\" \"${_PLIST_ENTRY_VALUES[$i]}\" \"${plist}\"\n    done\n\n    # restore the original internal field separator value\n    IFS=$oldifs\n  else\n    echo \"warning:   A Info.plist build output file was not found (${plist})\"\n  fi\ndone\n\necho \"info: <- RNFB build script finished\"\n";
		};
		CEC746F7B95C2C921DA79E1E /* [CP-User] [RNFB] Crashlytics Configuration */ = {
			isa = PBXShellScriptBuildPhase;
			buildActionMask = 2147483647;
			files = (
			);
			inputPaths = (
				"${DWARF_DSYM_FOLDER_PATH}/${DWARF_DSYM_FILE_NAME}/Contents/Resources/DWARF/${TARGET_NAME}",
				"$(BUILT_PRODUCTS_DIR)/$(INFOPLIST_PATH)",
			);
			name = "[CP-User] [RNFB] Crashlytics Configuration";
			runOnlyForDeploymentPostprocessing = 0;
			shellPath = /bin/sh;
			shellScript = "#!/usr/bin/env bash\n#\n# Copyright (c) 2016-present Invertase Limited & Contributors\n#\n# Licensed under the Apache License, Version 2.0 (the \"License\");\n# you may not use this library except in compliance with the License.\n# You may obtain a copy of the License at\n#\n#   http://www.apache.org/licenses/LICENSE-2.0\n#\n# Unless required by applicable law or agreed to in writing, software\n# distributed under the License is distributed on an \"AS IS\" BASIS,\n# WITHOUT WARRANTIES OR CONDITIONS OF ANY KIND, either express or implied.\n# See the License for the specific language governing permissions and\n# limitations under the License.\n#\nset -e\n\nif [[ ${PODS_ROOT} ]]; then\n  echo \"info: Exec FirebaseCrashlytics Run from Pods\"\n  \"${PODS_ROOT}/FirebaseCrashlytics/run\"\nelse\n  echo \"info: Exec FirebaseCrashlytics Run from framework\"\n  \"${PROJECT_DIR}/FirebaseCrashlytics.framework/run\"\nfi\n";
		};
/* End PBXShellScriptBuildPhase section */

/* Begin PBXSourcesBuildPhase section */
		13B07F871A680F5B00A75B9A /* Sources */ = {
			isa = PBXSourcesBuildPhase;
			buildActionMask = 2147483647;
			files = (
				761780ED2CA45674006654EE /* AppDelegate.swift in Sources */,
			);
			runOnlyForDeploymentPostprocessing = 0;
		};
		489ECE472DF29D32004A755F /* Sources */ = {
			isa = PBXSourcesBuildPhase;
			buildActionMask = 2147483647;
			files = (
			);
			runOnlyForDeploymentPostprocessing = 0;
		};
/* End PBXSourcesBuildPhase section */

/* Begin PBXTargetDependency section */
		489ECE512DF29D32004A755F /* PBXTargetDependency */ = {
			isa = PBXTargetDependency;
			target = 489ECE4A2DF29D32004A755F /* ImageNotification */;
			targetProxy = 489ECE502DF29D32004A755F /* PBXContainerItemProxy */;
		};
/* End PBXTargetDependency section */

/* Begin XCBuildConfiguration section */
		13B07F941A680F5B00A75B9A /* Debug */ = {
			isa = XCBuildConfiguration;
			baseConfigurationReference = C6915081FC290244E230BE8B /* Pods-SharedPods-pomoAI.debug.xcconfig */;
			buildSettings = {
				ASSETCATALOG_COMPILER_APPICON_NAME = AppIcon;
				CLANG_ENABLE_MODULES = YES;
				CURRENT_PROJECT_VERSION = 1;
				ENABLE_BITCODE = NO;
				ENABLE_USER_SCRIPT_SANDBOXING = NO;
				HEADER_SEARCH_PATHS = (
					"$(inherited)",
					"\"${PODS_ROOT}/Headers/Public\"",
					"\"${PODS_ROOT}/Headers/Public/AppAuth\"",
					"\"${PODS_ROOT}/Headers/Public/DoubleConversion\"",
					"\"${PODS_ROOT}/Headers/Public/FBLazyVector\"",
					"\"${PODS_ROOT}/Headers/Public/Firebase\"",
					"\"${PODS_ROOT}/Headers/Public/FirebaseCore\"",
					"\"${PODS_ROOT}/Headers/Public/FirebaseCoreExtension\"",
					"\"${PODS_ROOT}/Headers/Public/FirebaseCrashlytics\"",
					"\"${PODS_ROOT}/Headers/Public/FirebaseInstallations\"",
					"\"${PODS_ROOT}/Headers/Public/FirebaseMessaging\"",
					"\"${PODS_ROOT}/Headers/Public/FirebaseSessions\"",
					"\"${PODS_ROOT}/Headers/Public/GTMSessionFetcher\"",
					"\"${PODS_ROOT}/Headers/Public/GoogleDataTransport\"",
					"\"${PODS_ROOT}/Headers/Public/GoogleSignIn\"",
					"\"${PODS_ROOT}/Headers/Public/GoogleUtilities\"",
					"\"${PODS_ROOT}/Headers/Public/PromisesObjC\"",
					"\"${PODS_ROOT}/Headers/Public/RCT-Folly\"",
					"\"${PODS_ROOT}/Headers/Public/RCTDeprecation\"",
					"\"${PODS_ROOT}/Headers/Public/RCTRequired\"",
					"\"${PODS_ROOT}/Headers/Public/RCTTypeSafety\"",
					"\"${PODS_ROOT}/Headers/Public/RNAppleAuthentication\"",
					"\"${PODS_ROOT}/Headers/Public/RNFBAnalytics\"",
					"\"${PODS_ROOT}/Headers/Public/RNFBApp\"",
					"\"${PODS_ROOT}/Headers/Public/RNFBCrashlytics\"",
					"\"${PODS_ROOT}/Headers/Public/RNFBMessaging\"",
					"\"${PODS_ROOT}/Headers/Public/RNFastImage\"",
					"\"${PODS_ROOT}/Headers/Public/RNGestureHandler\"",
					"\"${PODS_ROOT}/Headers/Public/RNGoogleSignin\"",
					"\"${PODS_ROOT}/Headers/Public/RNNotifee\"",
					"\"${PODS_ROOT}/Headers/Public/RNPermissions\"",
					"\"${PODS_ROOT}/Headers/Public/RNReanimated\"",
					"\"${PODS_ROOT}/Headers/Public/RNSVG\"",
					"\"${PODS_ROOT}/Headers/Public/RNScreens\"",
					"\"${PODS_ROOT}/Headers/Public/React-Core\"",
					"\"${PODS_ROOT}/Headers/Public/React-Fabric\"",
					"\"${PODS_ROOT}/Headers/Public/React-FabricComponents\"",
					"\"${PODS_ROOT}/Headers/Public/React-FabricImage\"",
					"\"${PODS_ROOT}/Headers/Public/React-ImageManager\"",
					"\"${PODS_ROOT}/Headers/Public/React-Mapbuffer\"",
					"\"${PODS_ROOT}/Headers/Public/React-NativeModulesApple\"",
					"\"${PODS_ROOT}/Headers/Public/React-RCTAnimation\"",
					"\"${PODS_ROOT}/Headers/Public/React-RCTAppDelegate\"",
					"\"${PODS_ROOT}/Headers/Public/React-RCTBlob\"",
					"\"${PODS_ROOT}/Headers/Public/React-RCTFBReactNativeSpec\"",
					"\"${PODS_ROOT}/Headers/Public/React-RCTFabric\"",
					"\"${PODS_ROOT}/Headers/Public/React-RCTRuntime\"",
					"\"${PODS_ROOT}/Headers/Public/React-RCTText\"",
					"\"${PODS_ROOT}/Headers/Public/React-RuntimeApple\"",
					"\"${PODS_ROOT}/Headers/Public/React-RuntimeCore\"",
					"\"${PODS_ROOT}/Headers/Public/React-RuntimeHermes\"",
					"\"${PODS_ROOT}/Headers/Public/React-callinvoker\"",
					"\"${PODS_ROOT}/Headers/Public/React-cxxreact\"",
					"\"${PODS_ROOT}/Headers/Public/React-debug\"",
					"\"${PODS_ROOT}/Headers/Public/React-defaultsnativemodule\"",
					"\"${PODS_ROOT}/Headers/Public/React-domnativemodule\"",
					"\"${PODS_ROOT}/Headers/Public/React-featureflags\"",
					"\"${PODS_ROOT}/Headers/Public/React-featureflagsnativemodule\"",
					"\"${PODS_ROOT}/Headers/Public/React-graphics\"",
					"\"${PODS_ROOT}/Headers/Public/React-hermes\"",
					"\"${PODS_ROOT}/Headers/Public/React-idlecallbacksnativemodule\"",
					"\"${PODS_ROOT}/Headers/Public/React-jserrorhandler\"",
					"\"${PODS_ROOT}/Headers/Public/React-jsi\"",
					"\"${PODS_ROOT}/Headers/Public/React-jsiexecutor\"",
					"\"${PODS_ROOT}/Headers/Public/React-jsinspector\"",
					"\"${PODS_ROOT}/Headers/Public/React-jsinspectortracing\"",
					"\"${PODS_ROOT}/Headers/Public/React-jsitooling\"",
					"\"${PODS_ROOT}/Headers/Public/React-logger\"",
					"\"${PODS_ROOT}/Headers/Public/React-microtasksnativemodule\"",
					"\"${PODS_ROOT}/Headers/Public/React-oscompat\"",
					"\"${PODS_ROOT}/Headers/Public/React-perflogger\"",
					"\"${PODS_ROOT}/Headers/Public/React-performancetimeline\"",
					"\"${PODS_ROOT}/Headers/Public/React-rendererconsistency\"",
					"\"${PODS_ROOT}/Headers/Public/React-renderercss\"",
					"\"${PODS_ROOT}/Headers/Public/React-rendererdebug\"",
					"\"${PODS_ROOT}/Headers/Public/React-runtimeexecutor\"",
					"\"${PODS_ROOT}/Headers/Public/React-runtimescheduler\"",
					"\"${PODS_ROOT}/Headers/Public/React-timing\"",
					"\"${PODS_ROOT}/Headers/Public/React-utils\"",
					"\"${PODS_ROOT}/Headers/Public/ReactAppDependencyProvider\"",
					"\"${PODS_ROOT}/Headers/Public/ReactCodegen\"",
					"\"${PODS_ROOT}/Headers/Public/ReactCommon\"",
					"\"${PODS_ROOT}/Headers/Public/SDWebImage\"",
					"\"${PODS_ROOT}/Headers/Public/SDWebImageWebPCoder\"",
					"\"${PODS_ROOT}/Headers/Public/SocketRocket\"",
					"\"${PODS_ROOT}/Headers/Public/Yoga\"",
					"\"${PODS_ROOT}/Headers/Public/boost\"",
					"\"${PODS_ROOT}/Headers/Public/fast_float\"",
					"\"${PODS_ROOT}/Headers/Public/fmt\"",
					"\"${PODS_ROOT}/Headers/Public/glog\"",
					"\"${PODS_ROOT}/Headers/Public/hermes-engine\"",
					"\"${PODS_ROOT}/Headers/Public/libwebp\"",
					"\"${PODS_ROOT}/Headers/Public/nanopb\"",
					"\"${PODS_ROOT}/Headers/Public/react-native-background-timer\"",
					"\"${PODS_ROOT}/Headers/Public/react-native-config\"",
					"\"${PODS_ROOT}/Headers/Public/react-native-mmkv\"",
					"\"${PODS_ROOT}/Headers/Public/react-native-netinfo\"",
					"\"${PODS_ROOT}/Headers/Public/react-native-safe-area-context\"",
					"\"$(PODS_ROOT)/DoubleConversion\"",
					"$(inherited)",
					"${PODS_ROOT}/Firebase/CoreOnly/Sources",
					"\"$(PODS_ROOT)/boost\"",
					"\"$(PODS_ROOT)/boost\"",
					"\"$(PODS_ROOT)/boost-for-react-native\"",
					"\"$(PODS_ROOT)/glog\"",
					"\"$(PODS_ROOT)/RCT-Folly\"",
					"\"$(PODS_ROOT)/Headers/Public/React-hermes\"",
					"\"$(PODS_ROOT)/Headers/Public/hermes-engine\"",
					"\"$(PODS_ROOT)/../../node_modules/react-native/ReactCommon\"",
					"\"$(PODS_ROOT)/../../node_modules/react-native-reanimated/apple\"",
					"\"$(PODS_ROOT)/../../node_modules/react-native-reanimated/Common/cpp\"",
					"\"$(PODS_ROOT)/Headers/Private/React-Core\"",
					"\"$(PODS_ROOT)/Headers/Private/React-Core\"",
					"\"$(PODS_ROOT)/Headers/Private/Yoga\"",
					"\"$(SRCROOT)/../node_modules/react-native-config/ios\"",
				);
				INFOPLIST_FILE = pomoAI/Info.plist;
				INFOPLIST_KEY_CFBundleDisplayName = PomoAI;
				INFOPLIST_KEY_LSApplicationCategoryType = "public.app-category.productivity";
				IPHONEOS_DEPLOYMENT_TARGET = 16.0;
				LD_RUNPATH_SEARCH_PATHS = (
					"$(inherited)",
					"@executable_path/Frameworks",
				);
				MARKETING_VERSION = 1.0;
				OTHER_LDFLAGS = (
					"$(inherited)",
					"-ObjC",
					"-lc++",
				);
				PRODUCT_BUNDLE_IDENTIFIER = com.pomoai;
				PRODUCT_NAME = pomoAI;
				SUPPORTED_PLATFORMS = "iphoneos iphonesimulator";
				SUPPORTS_MACCATALYST = NO;
				SUPPORTS_XR_DESIGNED_FOR_IPHONE_IPAD = NO;
				SWIFT_OPTIMIZATION_LEVEL = "-Onone";
				SWIFT_VERSION = 5.0;
				TARGETED_DEVICE_FAMILY = 1;
				VERSIONING_SYSTEM = "apple-generic";
			};
			name = Debug;
		};
		13B07F951A680F5B00A75B9A /* Release */ = {
			isa = XCBuildConfiguration;
			baseConfigurationReference = C99ECF2FC79AC52518F4C5C4 /* Pods-SharedPods-pomoAI.release.xcconfig */;
			buildSettings = {
				ASSETCATALOG_COMPILER_APPICON_NAME = AppIcon;
				CLANG_ENABLE_MODULES = YES;
				CURRENT_PROJECT_VERSION = 1;
				ENABLE_USER_SCRIPT_SANDBOXING = NO;
				HEADER_SEARCH_PATHS = (
					"$(inherited)",
					"\"${PODS_ROOT}/Headers/Public\"",
					"\"${PODS_ROOT}/Headers/Public/AppAuth\"",
					"\"${PODS_ROOT}/Headers/Public/DoubleConversion\"",
					"\"${PODS_ROOT}/Headers/Public/FBLazyVector\"",
					"\"${PODS_ROOT}/Headers/Public/Firebase\"",
					"\"${PODS_ROOT}/Headers/Public/FirebaseCore\"",
					"\"${PODS_ROOT}/Headers/Public/FirebaseCoreExtension\"",
					"\"${PODS_ROOT}/Headers/Public/FirebaseCrashlytics\"",
					"\"${PODS_ROOT}/Headers/Public/FirebaseInstallations\"",
					"\"${PODS_ROOT}/Headers/Public/FirebaseMessaging\"",
					"\"${PODS_ROOT}/Headers/Public/FirebaseSessions\"",
					"\"${PODS_ROOT}/Headers/Public/GTMSessionFetcher\"",
					"\"${PODS_ROOT}/Headers/Public/GoogleDataTransport\"",
					"\"${PODS_ROOT}/Headers/Public/GoogleSignIn\"",
					"\"${PODS_ROOT}/Headers/Public/GoogleUtilities\"",
					"\"${PODS_ROOT}/Headers/Public/PromisesObjC\"",
					"\"${PODS_ROOT}/Headers/Public/RCT-Folly\"",
					"\"${PODS_ROOT}/Headers/Public/RCTDeprecation\"",
					"\"${PODS_ROOT}/Headers/Public/RCTRequired\"",
					"\"${PODS_ROOT}/Headers/Public/RCTTypeSafety\"",
					"\"${PODS_ROOT}/Headers/Public/RNAppleAuthentication\"",
					"\"${PODS_ROOT}/Headers/Public/RNFBAnalytics\"",
					"\"${PODS_ROOT}/Headers/Public/RNFBApp\"",
					"\"${PODS_ROOT}/Headers/Public/RNFBCrashlytics\"",
					"\"${PODS_ROOT}/Headers/Public/RNFBMessaging\"",
					"\"${PODS_ROOT}/Headers/Public/RNFastImage\"",
					"\"${PODS_ROOT}/Headers/Public/RNGestureHandler\"",
					"\"${PODS_ROOT}/Headers/Public/RNGoogleSignin\"",
					"\"${PODS_ROOT}/Headers/Public/RNNotifee\"",
					"\"${PODS_ROOT}/Headers/Public/RNPermissions\"",
					"\"${PODS_ROOT}/Headers/Public/RNReanimated\"",
					"\"${PODS_ROOT}/Headers/Public/RNSVG\"",
					"\"${PODS_ROOT}/Headers/Public/RNScreens\"",
					"\"${PODS_ROOT}/Headers/Public/React-Core\"",
					"\"${PODS_ROOT}/Headers/Public/React-Fabric\"",
					"\"${PODS_ROOT}/Headers/Public/React-FabricComponents\"",
					"\"${PODS_ROOT}/Headers/Public/React-FabricImage\"",
					"\"${PODS_ROOT}/Headers/Public/React-ImageManager\"",
					"\"${PODS_ROOT}/Headers/Public/React-Mapbuffer\"",
					"\"${PODS_ROOT}/Headers/Public/React-NativeModulesApple\"",
					"\"${PODS_ROOT}/Headers/Public/React-RCTAnimation\"",
					"\"${PODS_ROOT}/Headers/Public/React-RCTAppDelegate\"",
					"\"${PODS_ROOT}/Headers/Public/React-RCTBlob\"",
					"\"${PODS_ROOT}/Headers/Public/React-RCTFBReactNativeSpec\"",
					"\"${PODS_ROOT}/Headers/Public/React-RCTFabric\"",
					"\"${PODS_ROOT}/Headers/Public/React-RCTRuntime\"",
					"\"${PODS_ROOT}/Headers/Public/React-RCTText\"",
					"\"${PODS_ROOT}/Headers/Public/React-RuntimeApple\"",
					"\"${PODS_ROOT}/Headers/Public/React-RuntimeCore\"",
					"\"${PODS_ROOT}/Headers/Public/React-RuntimeHermes\"",
					"\"${PODS_ROOT}/Headers/Public/React-callinvoker\"",
					"\"${PODS_ROOT}/Headers/Public/React-cxxreact\"",
					"\"${PODS_ROOT}/Headers/Public/React-debug\"",
					"\"${PODS_ROOT}/Headers/Public/React-defaultsnativemodule\"",
					"\"${PODS_ROOT}/Headers/Public/React-domnativemodule\"",
					"\"${PODS_ROOT}/Headers/Public/React-featureflags\"",
					"\"${PODS_ROOT}/Headers/Public/React-featureflagsnativemodule\"",
					"\"${PODS_ROOT}/Headers/Public/React-graphics\"",
					"\"${PODS_ROOT}/Headers/Public/React-hermes\"",
					"\"${PODS_ROOT}/Headers/Public/React-idlecallbacksnativemodule\"",
					"\"${PODS_ROOT}/Headers/Public/React-jserrorhandler\"",
					"\"${PODS_ROOT}/Headers/Public/React-jsi\"",
					"\"${PODS_ROOT}/Headers/Public/React-jsiexecutor\"",
					"\"${PODS_ROOT}/Headers/Public/React-jsinspector\"",
					"\"${PODS_ROOT}/Headers/Public/React-jsinspectortracing\"",
					"\"${PODS_ROOT}/Headers/Public/React-jsitooling\"",
					"\"${PODS_ROOT}/Headers/Public/React-logger\"",
					"\"${PODS_ROOT}/Headers/Public/React-microtasksnativemodule\"",
					"\"${PODS_ROOT}/Headers/Public/React-oscompat\"",
					"\"${PODS_ROOT}/Headers/Public/React-perflogger\"",
					"\"${PODS_ROOT}/Headers/Public/React-performancetimeline\"",
					"\"${PODS_ROOT}/Headers/Public/React-rendererconsistency\"",
					"\"${PODS_ROOT}/Headers/Public/React-renderercss\"",
					"\"${PODS_ROOT}/Headers/Public/React-rendererdebug\"",
					"\"${PODS_ROOT}/Headers/Public/React-runtimeexecutor\"",
					"\"${PODS_ROOT}/Headers/Public/React-runtimescheduler\"",
					"\"${PODS_ROOT}/Headers/Public/React-timing\"",
					"\"${PODS_ROOT}/Headers/Public/React-utils\"",
					"\"${PODS_ROOT}/Headers/Public/ReactAppDependencyProvider\"",
					"\"${PODS_ROOT}/Headers/Public/ReactCodegen\"",
					"\"${PODS_ROOT}/Headers/Public/ReactCommon\"",
					"\"${PODS_ROOT}/Headers/Public/SDWebImage\"",
					"\"${PODS_ROOT}/Headers/Public/SDWebImageWebPCoder\"",
					"\"${PODS_ROOT}/Headers/Public/SocketRocket\"",
					"\"${PODS_ROOT}/Headers/Public/Yoga\"",
					"\"${PODS_ROOT}/Headers/Public/boost\"",
					"\"${PODS_ROOT}/Headers/Public/fast_float\"",
					"\"${PODS_ROOT}/Headers/Public/fmt\"",
					"\"${PODS_ROOT}/Headers/Public/glog\"",
					"\"${PODS_ROOT}/Headers/Public/hermes-engine\"",
					"\"${PODS_ROOT}/Headers/Public/libwebp\"",
					"\"${PODS_ROOT}/Headers/Public/nanopb\"",
					"\"${PODS_ROOT}/Headers/Public/react-native-background-timer\"",
					"\"${PODS_ROOT}/Headers/Public/react-native-config\"",
					"\"${PODS_ROOT}/Headers/Public/react-native-mmkv\"",
					"\"${PODS_ROOT}/Headers/Public/react-native-netinfo\"",
					"\"${PODS_ROOT}/Headers/Public/react-native-safe-area-context\"",
					"\"$(PODS_ROOT)/DoubleConversion\"",
					"$(inherited)",
					"${PODS_ROOT}/Firebase/CoreOnly/Sources",
					"\"$(PODS_ROOT)/boost\"",
					"\"$(PODS_ROOT)/boost\"",
					"\"$(PODS_ROOT)/boost-for-react-native\"",
					"\"$(PODS_ROOT)/glog\"",
					"\"$(PODS_ROOT)/RCT-Folly\"",
					"\"$(PODS_ROOT)/Headers/Public/React-hermes\"",
					"\"$(PODS_ROOT)/Headers/Public/hermes-engine\"",
					"\"$(PODS_ROOT)/../../node_modules/react-native/ReactCommon\"",
					"\"$(PODS_ROOT)/../../node_modules/react-native-reanimated/apple\"",
					"\"$(PODS_ROOT)/../../node_modules/react-native-reanimated/Common/cpp\"",
					"\"$(PODS_ROOT)/Headers/Private/React-Core\"",
					"\"$(PODS_ROOT)/Headers/Private/React-Core\"",
					"\"$(PODS_ROOT)/Headers/Private/Yoga\"",
					"\"$(SRCROOT)/../node_modules/react-native-config/ios\"",
				);
				INFOPLIST_FILE = pomoAI/Info.plist;
				INFOPLIST_KEY_CFBundleDisplayName = PomoAI;
				INFOPLIST_KEY_LSApplicationCategoryType = "public.app-category.productivity";
				IPHONEOS_DEPLOYMENT_TARGET = 16.0;
				LD_RUNPATH_SEARCH_PATHS = (
					"$(inherited)",
					"@executable_path/Frameworks",
				);
				MARKETING_VERSION = 1.0;
				OTHER_LDFLAGS = (
					"$(inherited)",
					"-ObjC",
					"-lc++",
				);
				PRODUCT_BUNDLE_IDENTIFIER = com.pomoai;
				PRODUCT_NAME = pomoAI;
				SUPPORTED_PLATFORMS = "iphoneos iphonesimulator";
				SUPPORTS_MACCATALYST = NO;
				SUPPORTS_XR_DESIGNED_FOR_IPHONE_IPAD = NO;
				SWIFT_VERSION = 5.0;
				TARGETED_DEVICE_FAMILY = 1;
				VERSIONING_SYSTEM = "apple-generic";
			};
			name = Release;
		};
		489ECE542DF29D32004A755F /* Debug */ = {
			isa = XCBuildConfiguration;
			baseConfigurationReference = 163A8A1E4491AA196717C1CD /* Pods-SharedPods-ImageNotification.debug.xcconfig */;
			buildSettings = {
				ASSETCATALOG_COMPILER_GENERATE_SWIFT_ASSET_SYMBOL_EXTENSIONS = YES;
				CLANG_ANALYZER_NONNULL = YES;
				CLANG_ANALYZER_NUMBER_OBJECT_CONVERSION = YES_AGGRESSIVE;
				CLANG_CXX_LANGUAGE_STANDARD = "gnu++20";
				CLANG_ENABLE_OBJC_WEAK = YES;
				CLANG_WARN_DOCUMENTATION_COMMENTS = YES;
				CLANG_WARN_UNGUARDED_AVAILABILITY = YES_AGGRESSIVE;
				CODE_SIGN_STYLE = Automatic;
				CURRENT_PROJECT_VERSION = 1;
				DEBUG_INFORMATION_FORMAT = dwarf;
				ENABLE_USER_SCRIPT_SANDBOXING = NO;
				GCC_C_LANGUAGE_STANDARD = gnu17;
				GENERATE_INFOPLIST_FILE = YES;
				INFOPLIST_FILE = ImageNotification/Info.plist;
				INFOPLIST_KEY_CFBundleDisplayName = ImageNotification;
				INFOPLIST_KEY_NSHumanReadableCopyright = "";
				IPHONEOS_DEPLOYMENT_TARGET = 18.1;
				LD_RUNPATH_SEARCH_PATHS = (
					"$(inherited)",
					"@executable_path/Frameworks",
					"@executable_path/../../Frameworks",
				);
				LOCALIZATION_PREFERS_STRING_CATALOGS = YES;
				MARKETING_VERSION = 1.0;
				MTL_ENABLE_DEBUG_INFO = INCLUDE_SOURCE;
				MTL_FAST_MATH = YES;
				PRODUCT_BUNDLE_IDENTIFIER = org.reactjs.native.example.pomoAI.ImageNotification;
				PRODUCT_NAME = "$(TARGET_NAME)";
				SKIP_INSTALL = YES;
				SWIFT_ACTIVE_COMPILATION_CONDITIONS = "DEBUG $(inherited)";
				SWIFT_EMIT_LOC_STRINGS = YES;
				SWIFT_OPTIMIZATION_LEVEL = "-Onone";
				SWIFT_VERSION = 5.0;
				TARGETED_DEVICE_FAMILY = "1,2";
			};
			name = Debug;
		};
		489ECE552DF29D32004A755F /* Release */ = {
			isa = XCBuildConfiguration;
			baseConfigurationReference = F54AB44974577624A0944387 /* Pods-SharedPods-ImageNotification.release.xcconfig */;
			buildSettings = {
				ASSETCATALOG_COMPILER_GENERATE_SWIFT_ASSET_SYMBOL_EXTENSIONS = YES;
				CLANG_ANALYZER_NONNULL = YES;
				CLANG_ANALYZER_NUMBER_OBJECT_CONVERSION = YES_AGGRESSIVE;
				CLANG_CXX_LANGUAGE_STANDARD = "gnu++20";
				CLANG_ENABLE_OBJC_WEAK = YES;
				CLANG_WARN_DOCUMENTATION_COMMENTS = YES;
				CLANG_WARN_UNGUARDED_AVAILABILITY = YES_AGGRESSIVE;
				CODE_SIGN_STYLE = Automatic;
				COPY_PHASE_STRIP = NO;
				CURRENT_PROJECT_VERSION = 1;
				DEBUG_INFORMATION_FORMAT = "dwarf-with-dsym";
				ENABLE_USER_SCRIPT_SANDBOXING = NO;
				GCC_C_LANGUAGE_STANDARD = gnu17;
				GENERATE_INFOPLIST_FILE = YES;
				INFOPLIST_FILE = ImageNotification/Info.plist;
				INFOPLIST_KEY_CFBundleDisplayName = ImageNotification;
				INFOPLIST_KEY_NSHumanReadableCopyright = "";
				IPHONEOS_DEPLOYMENT_TARGET = 18.1;
				LD_RUNPATH_SEARCH_PATHS = (
					"$(inherited)",
					"@executable_path/Frameworks",
					"@executable_path/../../Frameworks",
				);
				LOCALIZATION_PREFERS_STRING_CATALOGS = YES;
				MARKETING_VERSION = 1.0;
				MTL_FAST_MATH = YES;
				PRODUCT_BUNDLE_IDENTIFIER = org.reactjs.native.example.pomoAI.ImageNotification;
				PRODUCT_NAME = "$(TARGET_NAME)";
				SKIP_INSTALL = YES;
				SWIFT_COMPILATION_MODE = wholemodule;
				SWIFT_EMIT_LOC_STRINGS = YES;
				SWIFT_VERSION = 5.0;
				TARGETED_DEVICE_FAMILY = "1,2";
			};
			name = Release;
		};
		48D4B9D82E0264CD0096DCDE /* DebugLocal */ = {
			isa = XCBuildConfiguration;
			baseConfigurationReference = 48D7CE4C2DFFD45D00DADB9F /* Config.xcconfig */;
			buildSettings = {
				ALWAYS_SEARCH_USER_PATHS = NO;
				CLANG_ANALYZER_LOCALIZABILITY_NONLOCALIZED = YES;
				CLANG_CXX_LANGUAGE_STANDARD = "c++20";
				CLANG_CXX_LIBRARY = "libc++";
				CLANG_ENABLE_MODULES = YES;
				CLANG_ENABLE_OBJC_ARC = YES;
				CLANG_WARN_BLOCK_CAPTURE_AUTORELEASING = YES;
				CLANG_WARN_BOOL_CONVERSION = YES;
				CLANG_WARN_COMMA = YES;
				CLANG_WARN_CONSTANT_CONVERSION = YES;
				CLANG_WARN_DEPRECATED_OBJC_IMPLEMENTATIONS = YES;
				CLANG_WARN_DIRECT_OBJC_ISA_USAGE = YES_ERROR;
				CLANG_WARN_EMPTY_BODY = YES;
				CLANG_WARN_ENUM_CONVERSION = YES;
				CLANG_WARN_INFINITE_RECURSION = YES;
				CLANG_WARN_INT_CONVERSION = YES;
				CLANG_WARN_NON_LITERAL_NULL_CONVERSION = YES;
				CLANG_WARN_OBJC_IMPLICIT_RETAIN_SELF = YES;
				CLANG_WARN_OBJC_LITERAL_CONVERSION = YES;
				CLANG_WARN_OBJC_ROOT_CLASS = YES_ERROR;
				CLANG_WARN_QUOTED_INCLUDE_IN_FRAMEWORK_HEADER = YES;
				CLANG_WARN_RANGE_LOOP_ANALYSIS = YES;
				CLANG_WARN_STRICT_PROTOTYPES = YES;
				CLANG_WARN_SUSPICIOUS_MOVE = YES;
				CLANG_WARN_UNREACHABLE_CODE = YES;
				CLANG_WARN__DUPLICATE_METHOD_MATCH = YES;
				"CODE_SIGN_IDENTITY[sdk=iphoneos*]" = "iPhone Developer";
				COPY_PHASE_STRIP = NO;
				ENABLE_STRICT_OBJC_MSGSEND = YES;
				ENABLE_TESTABILITY = YES;
				ENV = dev;
				"EXCLUDED_ARCHS[sdk=iphonesimulator*]" = arm64;
				GCC_C_LANGUAGE_STANDARD = gnu99;
				GCC_DYNAMIC_NO_PIC = NO;
				GCC_NO_COMMON_BLOCKS = YES;
				GCC_OPTIMIZATION_LEVEL = 0;
				GCC_PREPROCESSOR_DEFINITIONS = (
					"DEBUG=1",
					"$(inherited)",
				);
				GCC_SYMBOLS_PRIVATE_EXTERN = NO;
				GCC_WARN_64_TO_32_BIT_CONVERSION = YES;
				GCC_WARN_ABOUT_RETURN_TYPE = YES_ERROR;
				GCC_WARN_UNDECLARED_SELECTOR = YES;
				GCC_WARN_UNINITIALIZED_AUTOS = YES_AGGRESSIVE;
				GCC_WARN_UNUSED_FUNCTION = YES;
				GCC_WARN_UNUSED_VARIABLE = YES;
				HEADER_SEARCH_PATHS = (
					"$(inherited)",
					"${PODS_CONFIGURATION_BUILD_DIR}/ReactCommon/ReactCommon.framework/Headers",
					"${PODS_CONFIGURATION_BUILD_DIR}/ReactCommon/ReactCommon.framework/Headers/react/nativemodule/core",
					"${PODS_CONFIGURATION_BUILD_DIR}/ReactCommon-Samples/ReactCommon_Samples.framework/Headers",
					"${PODS_CONFIGURATION_BUILD_DIR}/ReactCommon-Samples/ReactCommon_Samples.framework/Headers/platform/ios",
					"${PODS_CONFIGURATION_BUILD_DIR}/React-Fabric/React_Fabric.framework/Headers/react/renderer/components/view/platform/cxx",
					"${PODS_CONFIGURATION_BUILD_DIR}/React-NativeModulesApple/React_NativeModulesApple.framework/Headers",
					"${PODS_CONFIGURATION_BUILD_DIR}/React-graphics/React_graphics.framework/Headers",
					"${PODS_CONFIGURATION_BUILD_DIR}/React-graphics/React_graphics.framework/Headers/react/renderer/graphics/platform/ios",
				);
				IPHONEOS_DEPLOYMENT_TARGET = 15.1;
				LD_RUNPATH_SEARCH_PATHS = (
					/usr/lib/swift,
					"$(inherited)",
				);
				LIBRARY_SEARCH_PATHS = (
					"\"$(SDKROOT)/usr/lib/swift\"",
					"\"$(TOOLCHAIN_DIR)/usr/lib/swift/$(PLATFORM_NAME)\"",
					"\"$(inherited)\"",
				);
				MTL_ENABLE_DEBUG_INFO = YES;
				ONLY_ACTIVE_ARCH = YES;
				OTHER_CPLUSPLUSFLAGS = (
					"$(OTHER_CFLAGS)",
					"-DFOLLY_NO_CONFIG",
					"-DFOLLY_MOBILE=1",
					"-DFOLLY_USE_LIBCPP=1",
					"-DFOLLY_CFG_NO_COROUTINES=1",
					"-DFOLLY_HAVE_CLOCK_GETTIME=1",
				);
				OTHER_LDFLAGS = (
					"$(inherited)",
					" ",
				);
				REACT_NATIVE_PATH = "${PODS_ROOT}/../../../node_modules/react-native";
				SDKROOT = iphoneos;
				SWIFT_ACTIVE_COMPILATION_CONDITIONS = "$(inherited) DEBUG";
				SWIFT_VERSION = 5.0;
				USE_HERMES = true;
			};
			name = DebugLocal;
		};
		48D4B9D92E0264CD0096DCDE /* DebugLocal */ = {
			isa = XCBuildConfiguration;
			baseConfigurationReference = 2306079B80ECFBE13D627F2F /* Pods-SharedPods-pomoAI.debuglocal.xcconfig */;
			buildSettings = {
				ASSETCATALOG_COMPILER_APPICON_NAME = AppIcon;
				CLANG_ENABLE_MODULES = YES;
				CURRENT_PROJECT_VERSION = 1;
				ENABLE_BITCODE = NO;
				ENABLE_USER_SCRIPT_SANDBOXING = NO;
				HEADER_SEARCH_PATHS = (
					"$(inherited)",
					"\"${PODS_ROOT}/Headers/Public\"",
					"\"${PODS_ROOT}/Headers/Public/AppAuth\"",
					"\"${PODS_ROOT}/Headers/Public/DoubleConversion\"",
					"\"${PODS_ROOT}/Headers/Public/FBLazyVector\"",
					"\"${PODS_ROOT}/Headers/Public/Firebase\"",
					"\"${PODS_ROOT}/Headers/Public/FirebaseCore\"",
					"\"${PODS_ROOT}/Headers/Public/FirebaseCoreExtension\"",
					"\"${PODS_ROOT}/Headers/Public/FirebaseCrashlytics\"",
					"\"${PODS_ROOT}/Headers/Public/FirebaseInstallations\"",
					"\"${PODS_ROOT}/Headers/Public/FirebaseMessaging\"",
					"\"${PODS_ROOT}/Headers/Public/FirebaseSessions\"",
					"\"${PODS_ROOT}/Headers/Public/GTMSessionFetcher\"",
					"\"${PODS_ROOT}/Headers/Public/GoogleDataTransport\"",
					"\"${PODS_ROOT}/Headers/Public/GoogleSignIn\"",
					"\"${PODS_ROOT}/Headers/Public/GoogleUtilities\"",
					"\"${PODS_ROOT}/Headers/Public/PromisesObjC\"",
					"\"${PODS_ROOT}/Headers/Public/RCT-Folly\"",
					"\"${PODS_ROOT}/Headers/Public/RCTDeprecation\"",
					"\"${PODS_ROOT}/Headers/Public/RCTRequired\"",
					"\"${PODS_ROOT}/Headers/Public/RCTTypeSafety\"",
					"\"${PODS_ROOT}/Headers/Public/RNAppleAuthentication\"",
					"\"${PODS_ROOT}/Headers/Public/RNFBAnalytics\"",
					"\"${PODS_ROOT}/Headers/Public/RNFBApp\"",
					"\"${PODS_ROOT}/Headers/Public/RNFBCrashlytics\"",
					"\"${PODS_ROOT}/Headers/Public/RNFBMessaging\"",
					"\"${PODS_ROOT}/Headers/Public/RNFastImage\"",
					"\"${PODS_ROOT}/Headers/Public/RNGestureHandler\"",
					"\"${PODS_ROOT}/Headers/Public/RNGoogleSignin\"",
					"\"${PODS_ROOT}/Headers/Public/RNNotifee\"",
					"\"${PODS_ROOT}/Headers/Public/RNPermissions\"",
					"\"${PODS_ROOT}/Headers/Public/RNReanimated\"",
					"\"${PODS_ROOT}/Headers/Public/RNSVG\"",
					"\"${PODS_ROOT}/Headers/Public/RNScreens\"",
					"\"${PODS_ROOT}/Headers/Public/React-Core\"",
					"\"${PODS_ROOT}/Headers/Public/React-Fabric\"",
					"\"${PODS_ROOT}/Headers/Public/React-FabricComponents\"",
					"\"${PODS_ROOT}/Headers/Public/React-FabricImage\"",
					"\"${PODS_ROOT}/Headers/Public/React-ImageManager\"",
					"\"${PODS_ROOT}/Headers/Public/React-Mapbuffer\"",
					"\"${PODS_ROOT}/Headers/Public/React-NativeModulesApple\"",
					"\"${PODS_ROOT}/Headers/Public/React-RCTAnimation\"",
					"\"${PODS_ROOT}/Headers/Public/React-RCTAppDelegate\"",
					"\"${PODS_ROOT}/Headers/Public/React-RCTBlob\"",
					"\"${PODS_ROOT}/Headers/Public/React-RCTFBReactNativeSpec\"",
					"\"${PODS_ROOT}/Headers/Public/React-RCTFabric\"",
					"\"${PODS_ROOT}/Headers/Public/React-RCTRuntime\"",
					"\"${PODS_ROOT}/Headers/Public/React-RCTText\"",
					"\"${PODS_ROOT}/Headers/Public/React-RuntimeApple\"",
					"\"${PODS_ROOT}/Headers/Public/React-RuntimeCore\"",
					"\"${PODS_ROOT}/Headers/Public/React-RuntimeHermes\"",
					"\"${PODS_ROOT}/Headers/Public/React-callinvoker\"",
					"\"${PODS_ROOT}/Headers/Public/React-cxxreact\"",
					"\"${PODS_ROOT}/Headers/Public/React-debug\"",
					"\"${PODS_ROOT}/Headers/Public/React-defaultsnativemodule\"",
					"\"${PODS_ROOT}/Headers/Public/React-domnativemodule\"",
					"\"${PODS_ROOT}/Headers/Public/React-featureflags\"",
					"\"${PODS_ROOT}/Headers/Public/React-featureflagsnativemodule\"",
					"\"${PODS_ROOT}/Headers/Public/React-graphics\"",
					"\"${PODS_ROOT}/Headers/Public/React-hermes\"",
					"\"${PODS_ROOT}/Headers/Public/React-idlecallbacksnativemodule\"",
					"\"${PODS_ROOT}/Headers/Public/React-jserrorhandler\"",
					"\"${PODS_ROOT}/Headers/Public/React-jsi\"",
					"\"${PODS_ROOT}/Headers/Public/React-jsiexecutor\"",
					"\"${PODS_ROOT}/Headers/Public/React-jsinspector\"",
					"\"${PODS_ROOT}/Headers/Public/React-jsinspectortracing\"",
					"\"${PODS_ROOT}/Headers/Public/React-jsitooling\"",
					"\"${PODS_ROOT}/Headers/Public/React-logger\"",
					"\"${PODS_ROOT}/Headers/Public/React-microtasksnativemodule\"",
					"\"${PODS_ROOT}/Headers/Public/React-oscompat\"",
					"\"${PODS_ROOT}/Headers/Public/React-perflogger\"",
					"\"${PODS_ROOT}/Headers/Public/React-performancetimeline\"",
					"\"${PODS_ROOT}/Headers/Public/React-rendererconsistency\"",
					"\"${PODS_ROOT}/Headers/Public/React-renderercss\"",
					"\"${PODS_ROOT}/Headers/Public/React-rendererdebug\"",
					"\"${PODS_ROOT}/Headers/Public/React-runtimeexecutor\"",
					"\"${PODS_ROOT}/Headers/Public/React-runtimescheduler\"",
					"\"${PODS_ROOT}/Headers/Public/React-timing\"",
					"\"${PODS_ROOT}/Headers/Public/React-utils\"",
					"\"${PODS_ROOT}/Headers/Public/ReactAppDependencyProvider\"",
					"\"${PODS_ROOT}/Headers/Public/ReactCodegen\"",
					"\"${PODS_ROOT}/Headers/Public/ReactCommon\"",
					"\"${PODS_ROOT}/Headers/Public/SDWebImage\"",
					"\"${PODS_ROOT}/Headers/Public/SDWebImageWebPCoder\"",
					"\"${PODS_ROOT}/Headers/Public/SocketRocket\"",
					"\"${PODS_ROOT}/Headers/Public/Yoga\"",
					"\"${PODS_ROOT}/Headers/Public/boost\"",
					"\"${PODS_ROOT}/Headers/Public/fast_float\"",
					"\"${PODS_ROOT}/Headers/Public/fmt\"",
					"\"${PODS_ROOT}/Headers/Public/glog\"",
					"\"${PODS_ROOT}/Headers/Public/hermes-engine\"",
					"\"${PODS_ROOT}/Headers/Public/libwebp\"",
					"\"${PODS_ROOT}/Headers/Public/nanopb\"",
					"\"${PODS_ROOT}/Headers/Public/react-native-background-timer\"",
					"\"${PODS_ROOT}/Headers/Public/react-native-config\"",
					"\"${PODS_ROOT}/Headers/Public/react-native-mmkv\"",
					"\"${PODS_ROOT}/Headers/Public/react-native-netinfo\"",
					"\"${PODS_ROOT}/Headers/Public/react-native-safe-area-context\"",
					"\"$(PODS_ROOT)/DoubleConversion\"",
					"$(inherited)",
					"${PODS_ROOT}/Firebase/CoreOnly/Sources",
					"\"$(PODS_ROOT)/boost\"",
					"\"$(PODS_ROOT)/boost\"",
					"\"$(PODS_ROOT)/boost-for-react-native\"",
					"\"$(PODS_ROOT)/glog\"",
					"\"$(PODS_ROOT)/RCT-Folly\"",
					"\"$(PODS_ROOT)/Headers/Public/React-hermes\"",
					"\"$(PODS_ROOT)/Headers/Public/hermes-engine\"",
					"\"$(PODS_ROOT)/../../node_modules/react-native/ReactCommon\"",
					"\"$(PODS_ROOT)/../../node_modules/react-native-reanimated/apple\"",
					"\"$(PODS_ROOT)/../../node_modules/react-native-reanimated/Common/cpp\"",
					"\"$(PODS_ROOT)/Headers/Private/React-Core\"",
					"\"$(PODS_ROOT)/Headers/Private/React-Core\"",
					"\"$(PODS_ROOT)/Headers/Private/Yoga\"",
					"\"$(SRCROOT)/../node_modules/react-native-config/ios\"",
				);
				INFOPLIST_FILE = pomoAI/Info.plist;
				INFOPLIST_KEY_CFBundleDisplayName = PomoAI;
				INFOPLIST_KEY_LSApplicationCategoryType = "public.app-category.productivity";
				IPHONEOS_DEPLOYMENT_TARGET = 16.0;
				LD_RUNPATH_SEARCH_PATHS = (
					"$(inherited)",
					"@executable_path/Frameworks",
				);
				MARKETING_VERSION = 1.0;
				OTHER_LDFLAGS = (
					"$(inherited)",
					"-ObjC",
					"-lc++",
				);
				PRODUCT_BUNDLE_IDENTIFIER = com.pomoai;
				PRODUCT_NAME = pomoAI;
				SUPPORTED_PLATFORMS = "iphoneos iphonesimulator";
				SUPPORTS_MACCATALYST = NO;
				SUPPORTS_XR_DESIGNED_FOR_IPHONE_IPAD = NO;
				SWIFT_OPTIMIZATION_LEVEL = "-Onone";
				SWIFT_VERSION = 5.0;
				TARGETED_DEVICE_FAMILY = 1;
				VERSIONING_SYSTEM = "apple-generic";
			};
			name = DebugLocal;
		};
		48D4B9DA2E0264CD0096DCDE /* DebugLocal */ = {
			isa = XCBuildConfiguration;
			baseConfigurationReference = 551ACA5FE089CF5F59587489 /* Pods-SharedPods-ImageNotification.debuglocal.xcconfig */;
			buildSettings = {
				ASSETCATALOG_COMPILER_GENERATE_SWIFT_ASSET_SYMBOL_EXTENSIONS = YES;
				CLANG_ANALYZER_NONNULL = YES;
				CLANG_ANALYZER_NUMBER_OBJECT_CONVERSION = YES_AGGRESSIVE;
				CLANG_CXX_LANGUAGE_STANDARD = "gnu++20";
				CLANG_ENABLE_OBJC_WEAK = YES;
				CLANG_WARN_DOCUMENTATION_COMMENTS = YES;
				CLANG_WARN_UNGUARDED_AVAILABILITY = YES_AGGRESSIVE;
				CODE_SIGN_STYLE = Automatic;
				CURRENT_PROJECT_VERSION = 1;
				DEBUG_INFORMATION_FORMAT = dwarf;
				ENABLE_USER_SCRIPT_SANDBOXING = NO;
				GCC_C_LANGUAGE_STANDARD = gnu17;
				GENERATE_INFOPLIST_FILE = YES;
				INFOPLIST_FILE = ImageNotification/Info.plist;
				INFOPLIST_KEY_CFBundleDisplayName = ImageNotification;
				INFOPLIST_KEY_NSHumanReadableCopyright = "";
				IPHONEOS_DEPLOYMENT_TARGET = 18.1;
				LD_RUNPATH_SEARCH_PATHS = (
					"$(inherited)",
					"@executable_path/Frameworks",
					"@executable_path/../../Frameworks",
				);
				LOCALIZATION_PREFERS_STRING_CATALOGS = YES;
				MARKETING_VERSION = 1.0;
				MTL_ENABLE_DEBUG_INFO = INCLUDE_SOURCE;
				MTL_FAST_MATH = YES;
				PRODUCT_BUNDLE_IDENTIFIER = org.reactjs.native.example.pomoAI.ImageNotification;
				PRODUCT_NAME = "$(TARGET_NAME)";
				SKIP_INSTALL = YES;
				SWIFT_ACTIVE_COMPILATION_CONDITIONS = "DEBUG $(inherited)";
				SWIFT_EMIT_LOC_STRINGS = YES;
				SWIFT_OPTIMIZATION_LEVEL = "-Onone";
				SWIFT_VERSION = 5.0;
				TARGETED_DEVICE_FAMILY = "1,2";
			};
			name = DebugLocal;
		};
		83CBBA201A601CBA00E9B192 /* Debug */ = {
			isa = XCBuildConfiguration;
			baseConfigurationReference = 805A314B2E006C430098360F /* Config.debug.xcconfig */;
			buildSettings = {
				ALWAYS_SEARCH_USER_PATHS = NO;
				CLANG_ANALYZER_LOCALIZABILITY_NONLOCALIZED = YES;
				CLANG_CXX_LANGUAGE_STANDARD = "c++20";
				CLANG_CXX_LIBRARY = "libc++";
				CLANG_ENABLE_MODULES = YES;
				CLANG_ENABLE_OBJC_ARC = YES;
				CLANG_WARN_BLOCK_CAPTURE_AUTORELEASING = YES;
				CLANG_WARN_BOOL_CONVERSION = YES;
				CLANG_WARN_COMMA = YES;
				CLANG_WARN_CONSTANT_CONVERSION = YES;
				CLANG_WARN_DEPRECATED_OBJC_IMPLEMENTATIONS = YES;
				CLANG_WARN_DIRECT_OBJC_ISA_USAGE = YES_ERROR;
				CLANG_WARN_EMPTY_BODY = YES;
				CLANG_WARN_ENUM_CONVERSION = YES;
				CLANG_WARN_INFINITE_RECURSION = YES;
				CLANG_WARN_INT_CONVERSION = YES;
				CLANG_WARN_NON_LITERAL_NULL_CONVERSION = YES;
				CLANG_WARN_OBJC_IMPLICIT_RETAIN_SELF = YES;
				CLANG_WARN_OBJC_LITERAL_CONVERSION = YES;
				CLANG_WARN_OBJC_ROOT_CLASS = YES_ERROR;
				CLANG_WARN_QUOTED_INCLUDE_IN_FRAMEWORK_HEADER = YES;
				CLANG_WARN_RANGE_LOOP_ANALYSIS = YES;
				CLANG_WARN_STRICT_PROTOTYPES = YES;
				CLANG_WARN_SUSPICIOUS_MOVE = YES;
				CLANG_WARN_UNREACHABLE_CODE = YES;
				CLANG_WARN__DUPLICATE_METHOD_MATCH = YES;
				"CODE_SIGN_IDENTITY[sdk=iphoneos*]" = "iPhone Developer";
				COPY_PHASE_STRIP = NO;
				ENABLE_STRICT_OBJC_MSGSEND = YES;
				ENABLE_TESTABILITY = YES;
				ENV = dev;
				"EXCLUDED_ARCHS[sdk=iphonesimulator*]" = arm64;
				GCC_C_LANGUAGE_STANDARD = gnu99;
				GCC_DYNAMIC_NO_PIC = NO;
				GCC_NO_COMMON_BLOCKS = YES;
				GCC_OPTIMIZATION_LEVEL = 0;
				GCC_PREPROCESSOR_DEFINITIONS = (
					"DEBUG=1",
					"$(inherited)",
				);
				GCC_SYMBOLS_PRIVATE_EXTERN = NO;
				GCC_WARN_64_TO_32_BIT_CONVERSION = YES;
				GCC_WARN_ABOUT_RETURN_TYPE = YES_ERROR;
				GCC_WARN_UNDECLARED_SELECTOR = YES;
				GCC_WARN_UNINITIALIZED_AUTOS = YES_AGGRESSIVE;
				GCC_WARN_UNUSED_FUNCTION = YES;
				GCC_WARN_UNUSED_VARIABLE = YES;
				HEADER_SEARCH_PATHS = (
					"$(inherited)",
					"${PODS_CONFIGURATION_BUILD_DIR}/ReactCommon/ReactCommon.framework/Headers",
					"${PODS_CONFIGURATION_BUILD_DIR}/ReactCommon/ReactCommon.framework/Headers/react/nativemodule/core",
					"${PODS_CONFIGURATION_BUILD_DIR}/ReactCommon-Samples/ReactCommon_Samples.framework/Headers",
					"${PODS_CONFIGURATION_BUILD_DIR}/ReactCommon-Samples/ReactCommon_Samples.framework/Headers/platform/ios",
					"${PODS_CONFIGURATION_BUILD_DIR}/React-Fabric/React_Fabric.framework/Headers/react/renderer/components/view/platform/cxx",
					"${PODS_CONFIGURATION_BUILD_DIR}/React-NativeModulesApple/React_NativeModulesApple.framework/Headers",
					"${PODS_CONFIGURATION_BUILD_DIR}/React-graphics/React_graphics.framework/Headers",
					"${PODS_CONFIGURATION_BUILD_DIR}/React-graphics/React_graphics.framework/Headers/react/renderer/graphics/platform/ios",
				);
				IPHONEOS_DEPLOYMENT_TARGET = 15.1;
				LD_RUNPATH_SEARCH_PATHS = (
					/usr/lib/swift,
					"$(inherited)",
				);
				LIBRARY_SEARCH_PATHS = (
					"\"$(SDKROOT)/usr/lib/swift\"",
					"\"$(TOOLCHAIN_DIR)/usr/lib/swift/$(PLATFORM_NAME)\"",
					"\"$(inherited)\"",
				);
				MTL_ENABLE_DEBUG_INFO = YES;
				ONLY_ACTIVE_ARCH = YES;
				OTHER_CPLUSPLUSFLAGS = (
					"$(OTHER_CFLAGS)",
					"-DFOLLY_NO_CONFIG",
					"-DFOLLY_MOBILE=1",
					"-DFOLLY_USE_LIBCPP=1",
					"-DFOLLY_CFG_NO_COROUTINES=1",
					"-DFOLLY_HAVE_CLOCK_GETTIME=1",
				);
				OTHER_LDFLAGS = (
					"$(inherited)",
					" ",
				);
				REACT_NATIVE_PATH = "${PODS_ROOT}/../../../node_modules/react-native";
				SDKROOT = iphoneos;
				SWIFT_ACTIVE_COMPILATION_CONDITIONS = "$(inherited) DEBUG";
				SWIFT_VERSION = 5.0;
				USE_HERMES = true;
			};
			name = Debug;
		};
		83CBBA211A601CBA00E9B192 /* Release */ = {
			isa = XCBuildConfiguration;
			baseConfigurationReference = 805A31482E006C2D0098360F /* Config.release.xcconfig */;
			buildSettings = {
				ALWAYS_SEARCH_USER_PATHS = NO;
				CLANG_ANALYZER_LOCALIZABILITY_NONLOCALIZED = YES;
				CLANG_CXX_LANGUAGE_STANDARD = "c++20";
				CLANG_CXX_LIBRARY = "libc++";
				CLANG_ENABLE_MODULES = YES;
				CLANG_ENABLE_OBJC_ARC = YES;
				CLANG_WARN_BLOCK_CAPTURE_AUTORELEASING = YES;
				CLANG_WARN_BOOL_CONVERSION = YES;
				CLANG_WARN_COMMA = YES;
				CLANG_WARN_CONSTANT_CONVERSION = YES;
				CLANG_WARN_DEPRECATED_OBJC_IMPLEMENTATIONS = YES;
				CLANG_WARN_DIRECT_OBJC_ISA_USAGE = YES_ERROR;
				CLANG_WARN_EMPTY_BODY = YES;
				CLANG_WARN_ENUM_CONVERSION = YES;
				CLANG_WARN_INFINITE_RECURSION = YES;
				CLANG_WARN_INT_CONVERSION = YES;
				CLANG_WARN_NON_LITERAL_NULL_CONVERSION = YES;
				CLANG_WARN_OBJC_IMPLICIT_RETAIN_SELF = YES;
				CLANG_WARN_OBJC_LITERAL_CONVERSION = YES;
				CLANG_WARN_OBJC_ROOT_CLASS = YES_ERROR;
				CLANG_WARN_QUOTED_INCLUDE_IN_FRAMEWORK_HEADER = YES;
				CLANG_WARN_RANGE_LOOP_ANALYSIS = YES;
				CLANG_WARN_STRICT_PROTOTYPES = YES;
				CLANG_WARN_SUSPICIOUS_MOVE = YES;
				CLANG_WARN_UNREACHABLE_CODE = YES;
				CLANG_WARN__DUPLICATE_METHOD_MATCH = YES;
				"CODE_SIGN_IDENTITY[sdk=iphoneos*]" = "iPhone Developer";
				COPY_PHASE_STRIP = YES;
				ENABLE_NS_ASSERTIONS = NO;
				ENABLE_STRICT_OBJC_MSGSEND = YES;
				ENV = prod;
				"EXCLUDED_ARCHS[sdk=iphonesimulator*]" = arm64;
				GCC_C_LANGUAGE_STANDARD = gnu99;
				GCC_NO_COMMON_BLOCKS = YES;
				GCC_WARN_64_TO_32_BIT_CONVERSION = YES;
				GCC_WARN_ABOUT_RETURN_TYPE = YES_ERROR;
				GCC_WARN_UNDECLARED_SELECTOR = YES;
				GCC_WARN_UNINITIALIZED_AUTOS = YES_AGGRESSIVE;
				GCC_WARN_UNUSED_FUNCTION = YES;
				GCC_WARN_UNUSED_VARIABLE = YES;
				HEADER_SEARCH_PATHS = (
					"$(inherited)",
					"${PODS_CONFIGURATION_BUILD_DIR}/ReactCommon/ReactCommon.framework/Headers",
					"${PODS_CONFIGURATION_BUILD_DIR}/ReactCommon/ReactCommon.framework/Headers/react/nativemodule/core",
					"${PODS_CONFIGURATION_BUILD_DIR}/ReactCommon-Samples/ReactCommon_Samples.framework/Headers",
					"${PODS_CONFIGURATION_BUILD_DIR}/ReactCommon-Samples/ReactCommon_Samples.framework/Headers/platform/ios",
					"${PODS_CONFIGURATION_BUILD_DIR}/React-Fabric/React_Fabric.framework/Headers/react/renderer/components/view/platform/cxx",
					"${PODS_CONFIGURATION_BUILD_DIR}/React-NativeModulesApple/React_NativeModulesApple.framework/Headers",
					"${PODS_CONFIGURATION_BUILD_DIR}/React-graphics/React_graphics.framework/Headers",
					"${PODS_CONFIGURATION_BUILD_DIR}/React-graphics/React_graphics.framework/Headers/react/renderer/graphics/platform/ios",
				);
				IPHONEOS_DEPLOYMENT_TARGET = 15.1;
				LD_RUNPATH_SEARCH_PATHS = (
					/usr/lib/swift,
					"$(inherited)",
				);
				LIBRARY_SEARCH_PATHS = (
					"\"$(SDKROOT)/usr/lib/swift\"",
					"\"$(TOOLCHAIN_DIR)/usr/lib/swift/$(PLATFORM_NAME)\"",
					"\"$(inherited)\"",
				);
				MTL_ENABLE_DEBUG_INFO = NO;
				OTHER_CPLUSPLUSFLAGS = (
					"$(OTHER_CFLAGS)",
					"-DFOLLY_NO_CONFIG",
					"-DFOLLY_MOBILE=1",
					"-DFOLLY_USE_LIBCPP=1",
					"-DFOLLY_CFG_NO_COROUTINES=1",
					"-DFOLLY_HAVE_CLOCK_GETTIME=1",
				);
				OTHER_LDFLAGS = (
					"$(inherited)",
					" ",
				);
				REACT_NATIVE_PATH = "${PODS_ROOT}/../../../node_modules/react-native";
				SDKROOT = iphoneos;
				SWIFT_VERSION = 5.0;
				USE_HERMES = true;
				VALIDATE_PRODUCT = YES;
			};
			name = Release;
		};
/* End XCBuildConfiguration section */

/* Begin XCConfigurationList section */
		13B07F931A680F5B00A75B9A /* Build configuration list for PBXNativeTarget "pomoAI" */ = {
			isa = XCConfigurationList;
			buildConfigurations = (
				13B07F941A680F5B00A75B9A /* Debug */,
				48D4B9D92E0264CD0096DCDE /* DebugLocal */,
				13B07F951A680F5B00A75B9A /* Release */,
			);
			defaultConfigurationIsVisible = 0;
			defaultConfigurationName = Release;
		};
		489ECE572DF29D32004A755F /* Build configuration list for PBXNativeTarget "ImageNotification" */ = {
			isa = XCConfigurationList;
			buildConfigurations = (
				489ECE542DF29D32004A755F /* Debug */,
				48D4B9DA2E0264CD0096DCDE /* DebugLocal */,
				489ECE552DF29D32004A755F /* Release */,
			);
			defaultConfigurationIsVisible = 0;
			defaultConfigurationName = Release;
		};
		83CBB9FA1A601CBA00E9B192 /* Build configuration list for PBXProject "pomoAI" */ = {
			isa = XCConfigurationList;
			buildConfigurations = (
				83CBBA201A601CBA00E9B192 /* Debug */,
				48D4B9D82E0264CD0096DCDE /* DebugLocal */,
				83CBBA211A601CBA00E9B192 /* Release */,
			);
			defaultConfigurationIsVisible = 0;
			defaultConfigurationName = Release;
		};
/* End XCConfigurationList section */
	};
	rootObject = 83CBB9F71A601CBA00E9B192 /* Project object */;
}
